PODS:
  - Alamofire (5.8.1)
  - lottie-ios (4.4.0)
  - SnapKit (5.6.0)

DEPENDENCIES:
  - Alamofire
  - lottie-ios
  - SnapKit (~> 5.6.0)

SPEC REPOS:
  trunk:
    - Alamofire
    - lottie-ios
    - SnapKit

SPEC CHECKSUMS:
  Alamofire: 3ca42e259043ee0dc5c0cdd76c4bc568b8e42af7
  lottie-ios: ef1be1f90d54255f08e09d767950e43714661178
  SnapKit: e01d52ebb8ddbc333eefe2132acf85c8227d9c25

PODFILE CHECKSUM: 003f74999eceaf3f9d030f6be00141db9e999ba7

COCOAPODS: 1.15.0
