// !$*UTF8*$!
{
	archiveVersion = 1;
	classes = {
	};
	objectVersion = 56;
	objects = {

/* Begin PBXBuildFile section */
		9F646EC2DE66DD8A424B07F8 /* Pods_iCine.framework in Frameworks */ = {isa = PBXBuildFile; fileRef = 43F4C753AB79AA6E622D0ADB /* Pods_iCine.framework */; };
		CF4874FD2AD22A5F0056EE78 /* BottomSheetViewController.swift in Sources */ = {isa = PBXBuildFile; fileRef = CF4874FC2AD22A5F0056EE78 /* BottomSheetViewController.swift */; };
		CF4874FF2AD22A760056EE78 /* PresentedSheetViewController.swift in Sources */ = {isa = PBXBuildFile; fileRef = CF4874FE2AD22A760056EE78 /* PresentedSheetViewController.swift */; };
		CF4875012AD23CFB0056EE78 /* UIViewControllerExtensions.swift in Sources */ = {isa = PBXBuildFile; fileRef = CF4875002AD23CFB0056EE78 /* UIViewControllerExtensions.swift */; };
		CF4875032AD23F7E0056EE78 /* CNOnboardingLoginRequestErrorView.swift in Sources */ = {isa = PBXBuildFile; fileRef = CF4875022AD23F7E0056EE78 /* CNOnboardingLoginRequestErrorView.swift */; };
		CF522C9E2AC3AE8E00F984A2 /* DynamicKeyboardHeightViewController.swift in Sources */ = {isa = PBXBuildFile; fileRef = CF522C9D2AC3AE8E00F984A2 /* DynamicKeyboardHeightViewController.swift */; };
		CF522CA32AC3C29E00F984A2 /* CNNetworkController.swift in Sources */ = {isa = PBXBuildFile; fileRef = CF522CA22AC3C29E00F984A2 /* CNNetworkController.swift */; };
		CF522CA52AC3C2D600F984A2 /* CNNetworkControllerProtocol.swift in Sources */ = {isa = PBXBuildFile; fileRef = CF522CA42AC3C2D600F984A2 /* CNNetworkControllerProtocol.swift */; };
		CF522CA72AC3C33300F984A2 /* CNNetworkRequestProtocol.swift in Sources */ = {isa = PBXBuildFile; fileRef = CF522CA62AC3C33300F984A2 /* CNNetworkRequestProtocol.swift */; };
		CF522CA92AC3C3AC00F984A2 /* DataExtensions.swift in Sources */ = {isa = PBXBuildFile; fileRef = CF522CA82AC3C3AC00F984A2 /* DataExtensions.swift */; };
		CF522CAB2AC3C3D700F984A2 /* EncodableExtensions.swift in Sources */ = {isa = PBXBuildFile; fileRef = CF522CAA2AC3C3D700F984A2 /* EncodableExtensions.swift */; };
		CF522CAF2AC3C42600F984A2 /* CNOnboardingLoginRequest.swift in Sources */ = {isa = PBXBuildFile; fileRef = CF522CAE2AC3C42600F984A2 /* CNOnboardingLoginRequest.swift */; };
		CF522CB32AC3C50700F984A2 /* CNOnboardingLoginRequestTokenResponse.swift in Sources */ = {isa = PBXBuildFile; fileRef = CF522CB22AC3C50700F984A2 /* CNOnboardingLoginRequestTokenResponse.swift */; };
		CF53C2122ABF4FCF00E6C8A6 /* AppDelegate.swift in Sources */ = {isa = PBXBuildFile; fileRef = CF53C2112ABF4FCF00E6C8A6 /* AppDelegate.swift */; };
		CF53C2142ABF4FCF00E6C8A6 /* SceneDelegate.swift in Sources */ = {isa = PBXBuildFile; fileRef = CF53C2132ABF4FCF00E6C8A6 /* SceneDelegate.swift */; };
		CF53C21B2ABF4FD000E6C8A6 /* Assets.xcassets in Resources */ = {isa = PBXBuildFile; fileRef = CF53C21A2ABF4FD000E6C8A6 /* Assets.xcassets */; };
		CF53C21E2ABF4FD000E6C8A6 /* LaunchScreen.storyboard in Resources */ = {isa = PBXBuildFile; fileRef = CF53C21C2ABF4FD000E6C8A6 /* LaunchScreen.storyboard */; };
		CF53C22B2ABF54F300E6C8A6 /* CNOnboardingHomeViewController.swift in Sources */ = {isa = PBXBuildFile; fileRef = CF53C22A2ABF54F300E6C8A6 /* CNOnboardingHomeViewController.swift */; };
		CF53C22D2ABF553400E6C8A6 /* CNOnboardingHomeViewModel.swift in Sources */ = {isa = PBXBuildFile; fileRef = CF53C22C2ABF553400E6C8A6 /* CNOnboardingHomeViewModel.swift */; };
		CF53C22F2ABF554B00E6C8A6 /* CNOnboardingHomeView.swift in Sources */ = {isa = PBXBuildFile; fileRef = CF53C22E2ABF554B00E6C8A6 /* CNOnboardingHomeView.swift */; };
		CF53C2322ABF55F900E6C8A6 /* CNOnboardingHomeViewState.swift in Sources */ = {isa = PBXBuildFile; fileRef = CF53C2312ABF55F900E6C8A6 /* CNOnboardingHomeViewState.swift */; };
		CF56899F2AD9D67F00501A9A /* CNServicesController.swift in Sources */ = {isa = PBXBuildFile; fileRef = CF56899E2AD9D67F00501A9A /* CNServicesController.swift */; };
		CF5689A12AD9D84100501A9A /* CNUserDefaultsProtocol.swift in Sources */ = {isa = PBXBuildFile; fileRef = CF5689A02AD9D84100501A9A /* CNUserDefaultsProtocol.swift */; };
		CF5689A42AD9D8D900501A9A /* CNServicesControllerProtocol.swift in Sources */ = {isa = PBXBuildFile; fileRef = CF5689A32AD9D8D900501A9A /* CNServicesControllerProtocol.swift */; };
		CF5689A72AD9DB7700501A9A /* CNUserDefaultsCommonsEnum.swift in Sources */ = {isa = PBXBuildFile; fileRef = CF5689A62AD9DB7700501A9A /* CNUserDefaultsCommonsEnum.swift */; };
		CF5689B62AD9E61C00501A9A /* CNCustomFonts.swift in Sources */ = {isa = PBXBuildFile; fileRef = CF5689B52AD9E61C00501A9A /* CNCustomFonts.swift */; };
		CF5689B82AD9E8D900501A9A /* CNFontWeightEnum.swift in Sources */ = {isa = PBXBuildFile; fileRef = CF5689B72AD9E8D900501A9A /* CNFontWeightEnum.swift */; };
		CF5689C22AD9EAF600501A9A /* Inter-Regular.ttf in Resources */ = {isa = PBXBuildFile; fileRef = CF5689B92AD9EAF600501A9A /* Inter-Regular.ttf */; };
		CF5689C32AD9EAF600501A9A /* Inter-Thin.ttf in Resources */ = {isa = PBXBuildFile; fileRef = CF5689BA2AD9EAF600501A9A /* Inter-Thin.ttf */; };
		CF5689C42AD9EAF600501A9A /* Inter-ExtraBold.ttf in Resources */ = {isa = PBXBuildFile; fileRef = CF5689BB2AD9EAF600501A9A /* Inter-ExtraBold.ttf */; };
		CF5689C52AD9EAF600501A9A /* Inter-Black.ttf in Resources */ = {isa = PBXBuildFile; fileRef = CF5689BC2AD9EAF600501A9A /* Inter-Black.ttf */; };
		CF5689C62AD9EAF600501A9A /* Inter-Medium.ttf in Resources */ = {isa = PBXBuildFile; fileRef = CF5689BD2AD9EAF600501A9A /* Inter-Medium.ttf */; };
		CF5689C72AD9EAF600501A9A /* Inter-SemiBold.ttf in Resources */ = {isa = PBXBuildFile; fileRef = CF5689BE2AD9EAF600501A9A /* Inter-SemiBold.ttf */; };
		CF5689C82AD9EAF600501A9A /* Inter-Bold.ttf in Resources */ = {isa = PBXBuildFile; fileRef = CF5689BF2AD9EAF600501A9A /* Inter-Bold.ttf */; };
		CF5689C92AD9EAF600501A9A /* Inter-ExtraLight.ttf in Resources */ = {isa = PBXBuildFile; fileRef = CF5689C02AD9EAF600501A9A /* Inter-ExtraLight.ttf */; };
		CF5689CA2AD9EAF600501A9A /* Inter-Light.ttf in Resources */ = {isa = PBXBuildFile; fileRef = CF5689C12AD9EAF600501A9A /* Inter-Light.ttf */; };
		CF61A79B2AC0A359004B1D9F /* CNOnboardingLoginViewController.swift in Sources */ = {isa = PBXBuildFile; fileRef = CF61A79A2AC0A359004B1D9F /* CNOnboardingLoginViewController.swift */; };
		CF61A79D2AC0A3F5004B1D9F /* CNOnboardingLoginViewModel.swift in Sources */ = {isa = PBXBuildFile; fileRef = CF61A79C2AC0A3F5004B1D9F /* CNOnboardingLoginViewModel.swift */; };
		CF61A79F2AC0A3FC004B1D9F /* CNOnboardingLoginView.swift in Sources */ = {isa = PBXBuildFile; fileRef = CF61A79E2AC0A3FC004B1D9F /* CNOnboardingLoginView.swift */; };
		CF61A7A12AC0A404004B1D9F /* CNOnboardingLoginViewState.swift in Sources */ = {isa = PBXBuildFile; fileRef = CF61A7A02AC0A404004B1D9F /* CNOnboardingLoginViewState.swift */; };
		CF61A7A42AC0A868004B1D9F /* CNOnboardingLoginHeaderSectionView.swift in Sources */ = {isa = PBXBuildFile; fileRef = CF61A7A32AC0A868004B1D9F /* CNOnboardingLoginHeaderSectionView.swift */; };
		CF61A7A82AC0A8D4004B1D9F /* CNTextField.swift in Sources */ = {isa = PBXBuildFile; fileRef = CF61A7A72AC0A8D4004B1D9F /* CNTextField.swift */; };
		CF61A7AA2AC0C31E004B1D9F /* CNOnboardingLoginFooterSectionView.swift in Sources */ = {isa = PBXBuildFile; fileRef = CF61A7A92AC0C31E004B1D9F /* CNOnboardingLoginFooterSectionView.swift */; };
		CF6233732B69B5490043ACC7 /* CNOnboardingFactory.swift in Sources */ = {isa = PBXBuildFile; fileRef = CF6233722B69B5490043ACC7 /* CNOnboardingFactory.swift */; };
		CF6233752B69C74A0043ACC7 /* CNHomeTabFactory.swift in Sources */ = {isa = PBXBuildFile; fileRef = CF6233742B69C74A0043ACC7 /* CNHomeTabFactory.swift */; };
		CF6233782B69D3B30043ACC7 /* CNTabBaProtocols.swift in Sources */ = {isa = PBXBuildFile; fileRef = CF6233772B69D3B30043ACC7 /* CNTabBaProtocols.swift */; };
		CF62337A2B69D3F20043ACC7 /* CNTabBarSignaturesEnum.swift in Sources */ = {isa = PBXBuildFile; fileRef = CF6233792B69D3F20043ACC7 /* CNTabBarSignaturesEnum.swift */; };
		CF62337C2B69E2350043ACC7 /* CNSearchTabFactory.swift in Sources */ = {isa = PBXBuildFile; fileRef = CF62337B2B69E2350043ACC7 /* CNSearchTabFactory.swift */; };
		CF62337E2B69E35C0043ACC7 /* CNFavoritesTabFactory.swift in Sources */ = {isa = PBXBuildFile; fileRef = CF62337D2B69E35C0043ACC7 /* CNFavoritesTabFactory.swift */; };
		CF6233802B69E45A0043ACC7 /* CNAccountTabFactory.swift in Sources */ = {isa = PBXBuildFile; fileRef = CF62337F2B69E45A0043ACC7 /* CNAccountTabFactory.swift */; };
		CF8537CD2ACBAEC2007E42E5 /* CNOnboardingLoginValidateTokenPayload.swift in Sources */ = {isa = PBXBuildFile; fileRef = CF8537CC2ACBAEC2007E42E5 /* CNOnboardingLoginValidateTokenPayload.swift */; };
		CF8537CF2ACBB0CD007E42E5 /* CNOnboardingLoginUserCredentials.swift in Sources */ = {isa = PBXBuildFile; fileRef = CF8537CE2ACBB0CD007E42E5 /* CNOnboardingLoginUserCredentials.swift */; };
		CF8537D32ACBB732007E42E5 /* CNOnboardingLoginCreateSessionResponse.swift in Sources */ = {isa = PBXBuildFile; fileRef = CF8537D22ACBB732007E42E5 /* CNOnboardingLoginCreateSessionResponse.swift */; };
		CF8537D52ACBB908007E42E5 /* CNOnboardingLoginAccountDetailsResponse.swift in Sources */ = {isa = PBXBuildFile; fileRef = CF8537D42ACBB908007E42E5 /* CNOnboardingLoginAccountDetailsResponse.swift */; };
		CFA9FEB32ABF612E0032555C /* CNOnboardingHomeBackgroundSectionView.swift in Sources */ = {isa = PBXBuildFile; fileRef = CFA9FEB22ABF612E0032555C /* CNOnboardingHomeBackgroundSectionView.swift */; };
		CFA9FEB62ABF642B0032555C /* CNCustomImages.swift in Sources */ = {isa = PBXBuildFile; fileRef = CFA9FEB52ABF642B0032555C /* CNCustomImages.swift */; };
		CFA9FEB82ABF67680032555C /* CNCustomColors.swift in Sources */ = {isa = PBXBuildFile; fileRef = CFA9FEB72ABF67680032555C /* CNCustomColors.swift */; };
		CFA9FEBA2ABF6A510032555C /* UIViewExtensions.swift in Sources */ = {isa = PBXBuildFile; fileRef = CFA9FEB92ABF6A510032555C /* UIViewExtensions.swift */; };
		CFA9FEBC2ABF781C0032555C /* CNOnboardingHomeBodySectionView.swift in Sources */ = {isa = PBXBuildFile; fileRef = CFA9FEBB2ABF781C0032555C /* CNOnboardingHomeBodySectionView.swift */; };
		CFA9FEBE2ABF7D190032555C /* UIStackViewExtensions.swift in Sources */ = {isa = PBXBuildFile; fileRef = CFA9FEBD2ABF7D190032555C /* UIStackViewExtensions.swift */; };
		CFA9FEC12ABFB6F60032555C /* CNButton.swift in Sources */ = {isa = PBXBuildFile; fileRef = CFA9FEC02ABFB6F60032555C /* CNButton.swift */; };
		CFA9FEC32ABFBA170032555C /* CNOnboardingHomeFooterSectionView.swift in Sources */ = {isa = PBXBuildFile; fileRef = CFA9FEC22ABFBA170032555C /* CNOnboardingHomeFooterSectionView.swift */; };
		CFA9FEC62ABFC2510032555C /* CNMainFlowController.swift in Sources */ = {isa = PBXBuildFile; fileRef = CFA9FEC52ABFC2510032555C /* CNMainFlowController.swift */; };
		CFA9FECB2ABFC4A60032555C /* CNOnboardingFlowController.swift in Sources */ = {isa = PBXBuildFile; fileRef = CFA9FECA2ABFC4A60032555C /* CNOnboardingFlowController.swift */; };
		CFC7288B2ACE4F6B00DAF2B2 /* button_loading.json in Resources */ = {isa = PBXBuildFile; fileRef = CFC7288A2ACE4F6B00DAF2B2 /* button_loading.json */; };
		CFEE5A2E2AD8C8CD009E581C /* CNOnboardingLoginHelpView.swift in Sources */ = {isa = PBXBuildFile; fileRef = CFEE5A2D2AD8C8CD009E581C /* CNOnboardingLoginHelpView.swift */; };
		CFEE5A312AD8D379009E581C /* CNHyperlinkTextView.swift in Sources */ = {isa = PBXBuildFile; fileRef = CFEE5A302AD8D379009E581C /* CNHyperlinkTextView.swift */; };
		CFEE5A332AD8DD39009E581C /* CNUserDefaultsController.swift in Sources */ = {isa = PBXBuildFile; fileRef = CFEE5A322AD8DD39009E581C /* CNUserDefaultsController.swift */; };
		CFFAE4932B6B13BF008DC2E6 /* CNKeyChainController.swift in Sources */ = {isa = PBXBuildFile; fileRef = CFFAE4922B6B13BF008DC2E6 /* CNKeyChainController.swift */; };
		CFFAE4952B71B763008DC2E6 /* IntExtensions.swift in Sources */ = {isa = PBXBuildFile; fileRef = CFFAE4942B71B763008DC2E6 /* IntExtensions.swift */; };
		CFFAE4972B71CF61008DC2E6 /* CNKeyChainCommonsEnum.swift in Sources */ = {isa = PBXBuildFile; fileRef = CFFAE4962B71CF61008DC2E6 /* CNKeyChainCommonsEnum.swift */; };
		CFFAE4992B71CFAA008DC2E6 /* CNKeyChainProtocol.swift in Sources */ = {isa = PBXBuildFile; fileRef = CFFAE4982B71CFAA008DC2E6 /* CNKeyChainProtocol.swift */; };
		CFFE56A32B685805006CF000 /* CNMainTabBarController.swift in Sources */ = {isa = PBXBuildFile; fileRef = CFFE56A22B685805006CF000 /* CNMainTabBarController.swift */; };
		CFFE56AD2B685BF6006CF000 /* CNHomeTabFlowController.swift in Sources */ = {isa = PBXBuildFile; fileRef = CFFE56AC2B685BF6006CF000 /* CNHomeTabFlowController.swift */; };
		CFFE56AF2B685C00006CF000 /* CNSearchTabFlowController.swift in Sources */ = {isa = PBXBuildFile; fileRef = CFFE56AE2B685C00006CF000 /* CNSearchTabFlowController.swift */; };
		CFFE56B12B685C0A006CF000 /* CNFavoritesTabFlowController.swift in Sources */ = {isa = PBXBuildFile; fileRef = CFFE56B02B685C0A006CF000 /* CNFavoritesTabFlowController.swift */; };
		CFFE56B32B685C13006CF000 /* CNAccountTabFlowController.swift in Sources */ = {isa = PBXBuildFile; fileRef = CFFE56B22B685C13006CF000 /* CNAccountTabFlowController.swift */; };
		CFFE56BE2B6865C5006CF000 /* CNHomeTabMainViewController.swift in Sources */ = {isa = PBXBuildFile; fileRef = CFFE56BD2B6865C5006CF000 /* CNHomeTabMainViewController.swift */; };
		CFFE56C32B686709006CF000 /* CNSearchTabMainViewController.swift in Sources */ = {isa = PBXBuildFile; fileRef = CFFE56C22B686709006CF000 /* CNSearchTabMainViewController.swift */; };
		CFFE56C82B68674F006CF000 /* CNFavoritesTabMainViewController.swift in Sources */ = {isa = PBXBuildFile; fileRef = CFFE56C72B68674F006CF000 /* CNFavoritesTabMainViewController.swift */; };
		CFFE56CD2B68679C006CF000 /* CNAccountTabMainViewController.swift in Sources */ = {isa = PBXBuildFile; fileRef = CFFE56CC2B68679C006CF000 /* CNAccountTabMainViewController.swift */; };
/* End PBXBuildFile section */

/* Begin PBXFileReference section */
		1A5DF45C673D05867534DCAA /* Pods-iCine.debug.xcconfig */ = {isa = PBXFileReference; includeInIndex = 1; lastKnownFileType = text.xcconfig; name = "Pods-iCine.debug.xcconfig"; path = "Target Support Files/Pods-iCine/Pods-iCine.debug.xcconfig"; sourceTree = "<group>"; };
		43F4C753AB79AA6E622D0ADB /* Pods_iCine.framework */ = {isa = PBXFileReference; explicitFileType = wrapper.framework; includeInIndex = 0; path = Pods_iCine.framework; sourceTree = BUILT_PRODUCTS_DIR; };
		9AD8E4C772CAA4B8EF6EADC1 /* Pods-iCine.release.xcconfig */ = {isa = PBXFileReference; includeInIndex = 1; lastKnownFileType = text.xcconfig; name = "Pods-iCine.release.xcconfig"; path = "Target Support Files/Pods-iCine/Pods-iCine.release.xcconfig"; sourceTree = "<group>"; };
		CF4874FC2AD22A5F0056EE78 /* BottomSheetViewController.swift */ = {isa = PBXFileReference; lastKnownFileType = sourcecode.swift; path = BottomSheetViewController.swift; sourceTree = "<group>"; };
		CF4874FE2AD22A760056EE78 /* PresentedSheetViewController.swift */ = {isa = PBXFileReference; lastKnownFileType = sourcecode.swift; path = PresentedSheetViewController.swift; sourceTree = "<group>"; };
		CF4875002AD23CFB0056EE78 /* UIViewControllerExtensions.swift */ = {isa = PBXFileReference; lastKnownFileType = sourcecode.swift; path = UIViewControllerExtensions.swift; sourceTree = "<group>"; };
		CF4875022AD23F7E0056EE78 /* CNOnboardingLoginRequestErrorView.swift */ = {isa = PBXFileReference; lastKnownFileType = sourcecode.swift; path = CNOnboardingLoginRequestErrorView.swift; sourceTree = "<group>"; };
		CF522C9D2AC3AE8E00F984A2 /* DynamicKeyboardHeightViewController.swift */ = {isa = PBXFileReference; lastKnownFileType = sourcecode.swift; path = DynamicKeyboardHeightViewController.swift; sourceTree = "<group>"; };
		CF522CA22AC3C29E00F984A2 /* CNNetworkController.swift */ = {isa = PBXFileReference; lastKnownFileType = sourcecode.swift; path = CNNetworkController.swift; sourceTree = "<group>"; };
		CF522CA42AC3C2D600F984A2 /* CNNetworkControllerProtocol.swift */ = {isa = PBXFileReference; lastKnownFileType = sourcecode.swift; path = CNNetworkControllerProtocol.swift; sourceTree = "<group>"; };
		CF522CA62AC3C33300F984A2 /* CNNetworkRequestProtocol.swift */ = {isa = PBXFileReference; lastKnownFileType = sourcecode.swift; path = CNNetworkRequestProtocol.swift; sourceTree = "<group>"; };
		CF522CA82AC3C3AC00F984A2 /* DataExtensions.swift */ = {isa = PBXFileReference; lastKnownFileType = sourcecode.swift; path = DataExtensions.swift; sourceTree = "<group>"; };
		CF522CAA2AC3C3D700F984A2 /* EncodableExtensions.swift */ = {isa = PBXFileReference; lastKnownFileType = sourcecode.swift; path = EncodableExtensions.swift; sourceTree = "<group>"; };
		CF522CAE2AC3C42600F984A2 /* CNOnboardingLoginRequest.swift */ = {isa = PBXFileReference; lastKnownFileType = sourcecode.swift; path = CNOnboardingLoginRequest.swift; sourceTree = "<group>"; };
		CF522CB22AC3C50700F984A2 /* CNOnboardingLoginRequestTokenResponse.swift */ = {isa = PBXFileReference; lastKnownFileType = sourcecode.swift; path = CNOnboardingLoginRequestTokenResponse.swift; sourceTree = "<group>"; };
		CF53C20E2ABF4FCF00E6C8A6 /* iCine.app */ = {isa = PBXFileReference; explicitFileType = wrapper.application; includeInIndex = 0; path = iCine.app; sourceTree = BUILT_PRODUCTS_DIR; };
		CF53C2112ABF4FCF00E6C8A6 /* AppDelegate.swift */ = {isa = PBXFileReference; lastKnownFileType = sourcecode.swift; path = AppDelegate.swift; sourceTree = "<group>"; };
		CF53C2132ABF4FCF00E6C8A6 /* SceneDelegate.swift */ = {isa = PBXFileReference; lastKnownFileType = sourcecode.swift; path = SceneDelegate.swift; sourceTree = "<group>"; };
		CF53C21A2ABF4FD000E6C8A6 /* Assets.xcassets */ = {isa = PBXFileReference; lastKnownFileType = folder.assetcatalog; path = Assets.xcassets; sourceTree = "<group>"; };
		CF53C21D2ABF4FD000E6C8A6 /* Base */ = {isa = PBXFileReference; lastKnownFileType = file.storyboard; name = Base; path = Base.lproj/LaunchScreen.storyboard; sourceTree = "<group>"; };
		CF53C21F2ABF4FD000E6C8A6 /* Info.plist */ = {isa = PBXFileReference; lastKnownFileType = text.plist.xml; path = Info.plist; sourceTree = "<group>"; };
		CF53C22A2ABF54F300E6C8A6 /* CNOnboardingHomeViewController.swift */ = {isa = PBXFileReference; lastKnownFileType = sourcecode.swift; path = CNOnboardingHomeViewController.swift; sourceTree = "<group>"; };
		CF53C22C2ABF553400E6C8A6 /* CNOnboardingHomeViewModel.swift */ = {isa = PBXFileReference; lastKnownFileType = sourcecode.swift; path = CNOnboardingHomeViewModel.swift; sourceTree = "<group>"; };
		CF53C22E2ABF554B00E6C8A6 /* CNOnboardingHomeView.swift */ = {isa = PBXFileReference; lastKnownFileType = sourcecode.swift; path = CNOnboardingHomeView.swift; sourceTree = "<group>"; };
		CF53C2312ABF55F900E6C8A6 /* CNOnboardingHomeViewState.swift */ = {isa = PBXFileReference; lastKnownFileType = sourcecode.swift; path = CNOnboardingHomeViewState.swift; sourceTree = "<group>"; };
		CF56899E2AD9D67F00501A9A /* CNServicesController.swift */ = {isa = PBXFileReference; lastKnownFileType = sourcecode.swift; path = CNServicesController.swift; sourceTree = "<group>"; };
		CF5689A02AD9D84100501A9A /* CNUserDefaultsProtocol.swift */ = {isa = PBXFileReference; lastKnownFileType = sourcecode.swift; path = CNUserDefaultsProtocol.swift; sourceTree = "<group>"; };
		CF5689A32AD9D8D900501A9A /* CNServicesControllerProtocol.swift */ = {isa = PBXFileReference; lastKnownFileType = sourcecode.swift; path = CNServicesControllerProtocol.swift; sourceTree = "<group>"; };
		CF5689A62AD9DB7700501A9A /* CNUserDefaultsCommonsEnum.swift */ = {isa = PBXFileReference; lastKnownFileType = sourcecode.swift; path = CNUserDefaultsCommonsEnum.swift; sourceTree = "<group>"; };
		CF5689B52AD9E61C00501A9A /* CNCustomFonts.swift */ = {isa = PBXFileReference; lastKnownFileType = sourcecode.swift; path = CNCustomFonts.swift; sourceTree = "<group>"; };
		CF5689B72AD9E8D900501A9A /* CNFontWeightEnum.swift */ = {isa = PBXFileReference; lastKnownFileType = sourcecode.swift; path = CNFontWeightEnum.swift; sourceTree = "<group>"; };
		CF5689B92AD9EAF600501A9A /* Inter-Regular.ttf */ = {isa = PBXFileReference; lastKnownFileType = file; path = "Inter-Regular.ttf"; sourceTree = "<group>"; };
		CF5689BA2AD9EAF600501A9A /* Inter-Thin.ttf */ = {isa = PBXFileReference; lastKnownFileType = file; path = "Inter-Thin.ttf"; sourceTree = "<group>"; };
		CF5689BB2AD9EAF600501A9A /* Inter-ExtraBold.ttf */ = {isa = PBXFileReference; lastKnownFileType = file; path = "Inter-ExtraBold.ttf"; sourceTree = "<group>"; };
		CF5689BC2AD9EAF600501A9A /* Inter-Black.ttf */ = {isa = PBXFileReference; lastKnownFileType = file; path = "Inter-Black.ttf"; sourceTree = "<group>"; };
		CF5689BD2AD9EAF600501A9A /* Inter-Medium.ttf */ = {isa = PBXFileReference; lastKnownFileType = file; path = "Inter-Medium.ttf"; sourceTree = "<group>"; };
		CF5689BE2AD9EAF600501A9A /* Inter-SemiBold.ttf */ = {isa = PBXFileReference; lastKnownFileType = file; path = "Inter-SemiBold.ttf"; sourceTree = "<group>"; };
		CF5689BF2AD9EAF600501A9A /* Inter-Bold.ttf */ = {isa = PBXFileReference; lastKnownFileType = file; path = "Inter-Bold.ttf"; sourceTree = "<group>"; };
		CF5689C02AD9EAF600501A9A /* Inter-ExtraLight.ttf */ = {isa = PBXFileReference; lastKnownFileType = file; path = "Inter-ExtraLight.ttf"; sourceTree = "<group>"; };
		CF5689C12AD9EAF600501A9A /* Inter-Light.ttf */ = {isa = PBXFileReference; lastKnownFileType = file; path = "Inter-Light.ttf"; sourceTree = "<group>"; };
		CF61A79A2AC0A359004B1D9F /* CNOnboardingLoginViewController.swift */ = {isa = PBXFileReference; lastKnownFileType = sourcecode.swift; path = CNOnboardingLoginViewController.swift; sourceTree = "<group>"; };
		CF61A79C2AC0A3F5004B1D9F /* CNOnboardingLoginViewModel.swift */ = {isa = PBXFileReference; lastKnownFileType = sourcecode.swift; path = CNOnboardingLoginViewModel.swift; sourceTree = "<group>"; };
		CF61A79E2AC0A3FC004B1D9F /* CNOnboardingLoginView.swift */ = {isa = PBXFileReference; lastKnownFileType = sourcecode.swift; path = CNOnboardingLoginView.swift; sourceTree = "<group>"; };
		CF61A7A02AC0A404004B1D9F /* CNOnboardingLoginViewState.swift */ = {isa = PBXFileReference; lastKnownFileType = sourcecode.swift; path = CNOnboardingLoginViewState.swift; sourceTree = "<group>"; };
		CF61A7A32AC0A868004B1D9F /* CNOnboardingLoginHeaderSectionView.swift */ = {isa = PBXFileReference; lastKnownFileType = sourcecode.swift; path = CNOnboardingLoginHeaderSectionView.swift; sourceTree = "<group>"; };
		CF61A7A72AC0A8D4004B1D9F /* CNTextField.swift */ = {isa = PBXFileReference; lastKnownFileType = sourcecode.swift; path = CNTextField.swift; sourceTree = "<group>"; };
		CF61A7A92AC0C31E004B1D9F /* CNOnboardingLoginFooterSectionView.swift */ = {isa = PBXFileReference; lastKnownFileType = sourcecode.swift; path = CNOnboardingLoginFooterSectionView.swift; sourceTree = "<group>"; };
		CF6233722B69B5490043ACC7 /* CNOnboardingFactory.swift */ = {isa = PBXFileReference; lastKnownFileType = sourcecode.swift; path = CNOnboardingFactory.swift; sourceTree = "<group>"; };
		CF6233742B69C74A0043ACC7 /* CNHomeTabFactory.swift */ = {isa = PBXFileReference; lastKnownFileType = sourcecode.swift; path = CNHomeTabFactory.swift; sourceTree = "<group>"; };
		CF6233772B69D3B30043ACC7 /* CNTabBaProtocols.swift */ = {isa = PBXFileReference; lastKnownFileType = sourcecode.swift; path = CNTabBaProtocols.swift; sourceTree = "<group>"; };
		CF6233792B69D3F20043ACC7 /* CNTabBarSignaturesEnum.swift */ = {isa = PBXFileReference; lastKnownFileType = sourcecode.swift; path = CNTabBarSignaturesEnum.swift; sourceTree = "<group>"; };
		CF62337B2B69E2350043ACC7 /* CNSearchTabFactory.swift */ = {isa = PBXFileReference; lastKnownFileType = sourcecode.swift; path = CNSearchTabFactory.swift; sourceTree = "<group>"; };
		CF62337D2B69E35C0043ACC7 /* CNFavoritesTabFactory.swift */ = {isa = PBXFileReference; lastKnownFileType = sourcecode.swift; path = CNFavoritesTabFactory.swift; sourceTree = "<group>"; };
		CF62337F2B69E45A0043ACC7 /* CNAccountTabFactory.swift */ = {isa = PBXFileReference; lastKnownFileType = sourcecode.swift; path = CNAccountTabFactory.swift; sourceTree = "<group>"; };
		CF8537CC2ACBAEC2007E42E5 /* CNOnboardingLoginValidateTokenPayload.swift */ = {isa = PBXFileReference; lastKnownFileType = sourcecode.swift; path = CNOnboardingLoginValidateTokenPayload.swift; sourceTree = "<group>"; };
		CF8537CE2ACBB0CD007E42E5 /* CNOnboardingLoginUserCredentials.swift */ = {isa = PBXFileReference; lastKnownFileType = sourcecode.swift; path = CNOnboardingLoginUserCredentials.swift; sourceTree = "<group>"; };
		CF8537D22ACBB732007E42E5 /* CNOnboardingLoginCreateSessionResponse.swift */ = {isa = PBXFileReference; lastKnownFileType = sourcecode.swift; path = CNOnboardingLoginCreateSessionResponse.swift; sourceTree = "<group>"; };
		CF8537D42ACBB908007E42E5 /* CNOnboardingLoginAccountDetailsResponse.swift */ = {isa = PBXFileReference; lastKnownFileType = sourcecode.swift; path = CNOnboardingLoginAccountDetailsResponse.swift; sourceTree = "<group>"; };
		CFA9FEB22ABF612E0032555C /* CNOnboardingHomeBackgroundSectionView.swift */ = {isa = PBXFileReference; lastKnownFileType = sourcecode.swift; path = CNOnboardingHomeBackgroundSectionView.swift; sourceTree = "<group>"; };
		CFA9FEB52ABF642B0032555C /* CNCustomImages.swift */ = {isa = PBXFileReference; lastKnownFileType = sourcecode.swift; path = CNCustomImages.swift; sourceTree = "<group>"; };
		CFA9FEB72ABF67680032555C /* CNCustomColors.swift */ = {isa = PBXFileReference; lastKnownFileType = sourcecode.swift; path = CNCustomColors.swift; sourceTree = "<group>"; };
		CFA9FEB92ABF6A510032555C /* UIViewExtensions.swift */ = {isa = PBXFileReference; lastKnownFileType = sourcecode.swift; path = UIViewExtensions.swift; sourceTree = "<group>"; };
		CFA9FEBB2ABF781C0032555C /* CNOnboardingHomeBodySectionView.swift */ = {isa = PBXFileReference; lastKnownFileType = sourcecode.swift; path = CNOnboardingHomeBodySectionView.swift; sourceTree = "<group>"; };
		CFA9FEBD2ABF7D190032555C /* UIStackViewExtensions.swift */ = {isa = PBXFileReference; lastKnownFileType = sourcecode.swift; path = UIStackViewExtensions.swift; sourceTree = "<group>"; };
		CFA9FEC02ABFB6F60032555C /* CNButton.swift */ = {isa = PBXFileReference; lastKnownFileType = sourcecode.swift; path = CNButton.swift; sourceTree = "<group>"; };
		CFA9FEC22ABFBA170032555C /* CNOnboardingHomeFooterSectionView.swift */ = {isa = PBXFileReference; lastKnownFileType = sourcecode.swift; path = CNOnboardingHomeFooterSectionView.swift; sourceTree = "<group>"; };
		CFA9FEC52ABFC2510032555C /* CNMainFlowController.swift */ = {isa = PBXFileReference; lastKnownFileType = sourcecode.swift; path = CNMainFlowController.swift; sourceTree = "<group>"; };
		CFA9FECA2ABFC4A60032555C /* CNOnboardingFlowController.swift */ = {isa = PBXFileReference; lastKnownFileType = sourcecode.swift; path = CNOnboardingFlowController.swift; sourceTree = "<group>"; };
		CFC7288A2ACE4F6B00DAF2B2 /* button_loading.json */ = {isa = PBXFileReference; fileEncoding = 4; lastKnownFileType = text.json; path = button_loading.json; sourceTree = "<group>"; };
		CFEE5A2D2AD8C8CD009E581C /* CNOnboardingLoginHelpView.swift */ = {isa = PBXFileReference; lastKnownFileType = sourcecode.swift; path = CNOnboardingLoginHelpView.swift; sourceTree = "<group>"; };
		CFEE5A302AD8D379009E581C /* CNHyperlinkTextView.swift */ = {isa = PBXFileReference; lastKnownFileType = sourcecode.swift; path = CNHyperlinkTextView.swift; sourceTree = "<group>"; };
		CFEE5A322AD8DD39009E581C /* CNUserDefaultsController.swift */ = {isa = PBXFileReference; lastKnownFileType = sourcecode.swift; path = CNUserDefaultsController.swift; sourceTree = "<group>"; };
		CFFAE4922B6B13BF008DC2E6 /* CNKeyChainController.swift */ = {isa = PBXFileReference; lastKnownFileType = sourcecode.swift; path = CNKeyChainController.swift; sourceTree = "<group>"; };
		CFFAE4942B71B763008DC2E6 /* IntExtensions.swift */ = {isa = PBXFileReference; lastKnownFileType = sourcecode.swift; path = IntExtensions.swift; sourceTree = "<group>"; };
		CFFAE4962B71CF61008DC2E6 /* CNKeyChainCommonsEnum.swift */ = {isa = PBXFileReference; lastKnownFileType = sourcecode.swift; path = CNKeyChainCommonsEnum.swift; sourceTree = "<group>"; };
		CFFAE4982B71CFAA008DC2E6 /* CNKeyChainProtocol.swift */ = {isa = PBXFileReference; lastKnownFileType = sourcecode.swift; path = CNKeyChainProtocol.swift; sourceTree = "<group>"; };
		CFFE56A22B685805006CF000 /* CNMainTabBarController.swift */ = {isa = PBXFileReference; lastKnownFileType = sourcecode.swift; path = CNMainTabBarController.swift; sourceTree = "<group>"; };
		CFFE56AC2B685BF6006CF000 /* CNHomeTabFlowController.swift */ = {isa = PBXFileReference; lastKnownFileType = sourcecode.swift; path = CNHomeTabFlowController.swift; sourceTree = "<group>"; };
		CFFE56AE2B685C00006CF000 /* CNSearchTabFlowController.swift */ = {isa = PBXFileReference; lastKnownFileType = sourcecode.swift; path = CNSearchTabFlowController.swift; sourceTree = "<group>"; };
		CFFE56B02B685C0A006CF000 /* CNFavoritesTabFlowController.swift */ = {isa = PBXFileReference; lastKnownFileType = sourcecode.swift; path = CNFavoritesTabFlowController.swift; sourceTree = "<group>"; };
		CFFE56B22B685C13006CF000 /* CNAccountTabFlowController.swift */ = {isa = PBXFileReference; lastKnownFileType = sourcecode.swift; path = CNAccountTabFlowController.swift; sourceTree = "<group>"; };
		CFFE56BD2B6865C5006CF000 /* CNHomeTabMainViewController.swift */ = {isa = PBXFileReference; lastKnownFileType = sourcecode.swift; path = CNHomeTabMainViewController.swift; sourceTree = "<group>"; };
		CFFE56C22B686709006CF000 /* CNSearchTabMainViewController.swift */ = {isa = PBXFileReference; lastKnownFileType = sourcecode.swift; path = CNSearchTabMainViewController.swift; sourceTree = "<group>"; };
		CFFE56C72B68674F006CF000 /* CNFavoritesTabMainViewController.swift */ = {isa = PBXFileReference; lastKnownFileType = sourcecode.swift; path = CNFavoritesTabMainViewController.swift; sourceTree = "<group>"; };
		CFFE56CC2B68679C006CF000 /* CNAccountTabMainViewController.swift */ = {isa = PBXFileReference; lastKnownFileType = sourcecode.swift; path = CNAccountTabMainViewController.swift; sourceTree = "<group>"; };
/* End PBXFileReference section */

/* Begin PBXFrameworksBuildPhase section */
		CF53C20B2ABF4FCF00E6C8A6 /* Frameworks */ = {
			isa = PBXFrameworksBuildPhase;
			buildActionMask = 2147483647;
			files = (
				9F646EC2DE66DD8A424B07F8 /* Pods_iCine.framework in Frameworks */,
			);
			runOnlyForDeploymentPostprocessing = 0;
		};
/* End PBXFrameworksBuildPhase section */

/* Begin PBXGroup section */
		7A76414C0EA7BE3415907679 /* Pods */ = {
			isa = PBXGroup;
			children = (
				1A5DF45C673D05867534DCAA /* Pods-iCine.debug.xcconfig */,
				9AD8E4C772CAA4B8EF6EADC1 /* Pods-iCine.release.xcconfig */,
			);
			path = Pods;
			sourceTree = "<group>";
		};
		9D48E4C9CBA60E81C0E34D9A /* Frameworks */ = {
			isa = PBXGroup;
			children = (
				43F4C753AB79AA6E622D0ADB /* Pods_iCine.framework */,
			);
			name = Frameworks;
			sourceTree = "<group>";
		};
		CF4874F42AD226C20056EE78 /* BottomSheet */ = {
			isa = PBXGroup;
			children = (
				CF4874FC2AD22A5F0056EE78 /* BottomSheetViewController.swift */,
				CF4874FE2AD22A760056EE78 /* PresentedSheetViewController.swift */,
			);
			path = BottomSheet;
			sourceTree = "<group>";
		};
		CF522C9F2AC3B32600F984A2 /* DynamicKeyboardHeight */ = {
			isa = PBXGroup;
			children = (
				CF522C9D2AC3AE8E00F984A2 /* DynamicKeyboardHeightViewController.swift */,
			);
			path = DynamicKeyboardHeight;
			sourceTree = "<group>";
		};
		CF522CA02AC3BC1000F984A2 /* Services */ = {
			isa = PBXGroup;
			children = (
				CF5689A22AD9D8B300501A9A /* Controller */,
				CFFAE4912B6B1354008DC2E6 /* KeyChain */,
				CFEE5A342AD8DD3E009E581C /* UserDefaults */,
				CF522CA12AC3BC2800F984A2 /* Network */,
			);
			path = Services;
			sourceTree = "<group>";
		};
		CF522CA12AC3BC2800F984A2 /* Network */ = {
			isa = PBXGroup;
			children = (
				CF522CA22AC3C29E00F984A2 /* CNNetworkController.swift */,
				CF522CA42AC3C2D600F984A2 /* CNNetworkControllerProtocol.swift */,
				CF522CA62AC3C33300F984A2 /* CNNetworkRequestProtocol.swift */,
			);
			path = Network;
			sourceTree = "<group>";
		};
		CF53C2052ABF4FCF00E6C8A6 = {
			isa = PBXGroup;
			children = (
				CF53C2102ABF4FCF00E6C8A6 /* iCine */,
				CF53C20F2ABF4FCF00E6C8A6 /* Products */,
				7A76414C0EA7BE3415907679 /* Pods */,
				9D48E4C9CBA60E81C0E34D9A /* Frameworks */,
			);
			sourceTree = "<group>";
		};
		CF53C20F2ABF4FCF00E6C8A6 /* Products */ = {
			isa = PBXGroup;
			children = (
				CF53C20E2ABF4FCF00E6C8A6 /* iCine.app */,
			);
			name = Products;
			sourceTree = "<group>";
		};
		CF53C2102ABF4FCF00E6C8A6 /* iCine */ = {
			isa = PBXGroup;
			children = (
				CF522CA02AC3BC1000F984A2 /* Services */,
				CFA9FEC42ABFC2310032555C /* Flow */,
				CF53C2252ABF540200E6C8A6 /* Features */,
				CFA9FEB42ABF63D00032555C /* Extensions */,
				CFA9FEBF2ABFB68D0032555C /* Components */,
				CFA9FECC2ABFC6E00032555C /* Resources */,
				CF53C2112ABF4FCF00E6C8A6 /* AppDelegate.swift */,
				CF53C2132ABF4FCF00E6C8A6 /* SceneDelegate.swift */,
				CF53C21F2ABF4FD000E6C8A6 /* Info.plist */,
			);
			path = iCine;
			sourceTree = "<group>";
		};
		CF53C2252ABF540200E6C8A6 /* Features */ = {
			isa = PBXGroup;
			children = (
				CF53C2262ABF540900E6C8A6 /* Onboarding */,
				CFFE56A42B685B62006CF000 /* HomeTab */,
				CFFE56A52B685B6B006CF000 /* SearchTab */,
				CFFE56A62B685BA6006CF000 /* FavoritesTab */,
				CFFE56A72B685BAE006CF000 /* AccountTab */,
			);
			path = Features;
			sourceTree = "<group>";
		};
		CF53C2262ABF540900E6C8A6 /* Onboarding */ = {
			isa = PBXGroup;
			children = (
				CFA9FEC92ABFC4950032555C /* Flow */,
				CF5689922AD9CEBB00501A9A /* Home */,
				CF5689932AD9CEC100501A9A /* Login */,
			);
			path = Onboarding;
			sourceTree = "<group>";
		};
		CF53C2272ABF544800E6C8A6 /* Home */ = {
			isa = PBXGroup;
			children = (
				CF53C22A2ABF54F300E6C8A6 /* CNOnboardingHomeViewController.swift */,
				CF53C22C2ABF553400E6C8A6 /* CNOnboardingHomeViewModel.swift */,
				CF53C2312ABF55F900E6C8A6 /* CNOnboardingHomeViewState.swift */,
				CF53C22E2ABF554B00E6C8A6 /* CNOnboardingHomeView.swift */,
				CF53C2302ABF558400E6C8A6 /* ViewSections */,
			);
			path = Home;
			sourceTree = "<group>";
		};
		CF53C2302ABF558400E6C8A6 /* ViewSections */ = {
			isa = PBXGroup;
			children = (
				CFA9FEB22ABF612E0032555C /* CNOnboardingHomeBackgroundSectionView.swift */,
				CFA9FEBB2ABF781C0032555C /* CNOnboardingHomeBodySectionView.swift */,
				CFA9FEC22ABFBA170032555C /* CNOnboardingHomeFooterSectionView.swift */,
			);
			path = ViewSections;
			sourceTree = "<group>";
		};
		CF5689922AD9CEBB00501A9A /* Home */ = {
			isa = PBXGroup;
			children = (
				CF5689962AD9CF1900501A9A /* Services */,
				CF5689952AD9CEEF00501A9A /* Scenes */,
			);
			path = Home;
			sourceTree = "<group>";
		};
		CF5689932AD9CEC100501A9A /* Login */ = {
			isa = PBXGroup;
			children = (
				CF56899A2AD9CF7600501A9A /* Services */,
				CF5689942AD9CEE800501A9A /* Scenes */,
			);
			path = Login;
			sourceTree = "<group>";
		};
		CF5689942AD9CEE800501A9A /* Scenes */ = {
			isa = PBXGroup;
			children = (
				CF61A7992AC0A315004B1D9F /* Login */,
			);
			path = Scenes;
			sourceTree = "<group>";
		};
		CF5689952AD9CEEF00501A9A /* Scenes */ = {
			isa = PBXGroup;
			children = (
				CF53C2272ABF544800E6C8A6 /* Home */,
			);
			path = Scenes;
			sourceTree = "<group>";
		};
		CF5689962AD9CF1900501A9A /* Services */ = {
			isa = PBXGroup;
			children = (
				CF5689982AD9CF4A00501A9A /* Requests */,
				CF5689972AD9CF4100501A9A /* Payloads */,
				CF5689992AD9CF4F00501A9A /* Responses */,
			);
			path = Services;
			sourceTree = "<group>";
		};
		CF5689972AD9CF4100501A9A /* Payloads */ = {
			isa = PBXGroup;
			children = (
			);
			path = Payloads;
			sourceTree = "<group>";
		};
		CF5689982AD9CF4A00501A9A /* Requests */ = {
			isa = PBXGroup;
			children = (
			);
			path = Requests;
			sourceTree = "<group>";
		};
		CF5689992AD9CF4F00501A9A /* Responses */ = {
			isa = PBXGroup;
			children = (
			);
			path = Responses;
			sourceTree = "<group>";
		};
		CF56899A2AD9CF7600501A9A /* Services */ = {
			isa = PBXGroup;
			children = (
				CF56899C2AD9CF8C00501A9A /* Requests */,
				CF56899D2AD9CF9500501A9A /* Payloads */,
				CF56899B2AD9CF8500501A9A /* Responses */,
			);
			path = Services;
			sourceTree = "<group>";
		};
		CF56899B2AD9CF8500501A9A /* Responses */ = {
			isa = PBXGroup;
			children = (
				CF522CB22AC3C50700F984A2 /* CNOnboardingLoginRequestTokenResponse.swift */,
				CF8537D22ACBB732007E42E5 /* CNOnboardingLoginCreateSessionResponse.swift */,
				CF8537D42ACBB908007E42E5 /* CNOnboardingLoginAccountDetailsResponse.swift */,
				CF8537CE2ACBB0CD007E42E5 /* CNOnboardingLoginUserCredentials.swift */,
			);
			path = Responses;
			sourceTree = "<group>";
		};
		CF56899C2AD9CF8C00501A9A /* Requests */ = {
			isa = PBXGroup;
			children = (
				CF522CAE2AC3C42600F984A2 /* CNOnboardingLoginRequest.swift */,
			);
			path = Requests;
			sourceTree = "<group>";
		};
		CF56899D2AD9CF9500501A9A /* Payloads */ = {
			isa = PBXGroup;
			children = (
				CF8537CC2ACBAEC2007E42E5 /* CNOnboardingLoginValidateTokenPayload.swift */,
			);
			path = Payloads;
			sourceTree = "<group>";
		};
		CF5689A22AD9D8B300501A9A /* Controller */ = {
			isa = PBXGroup;
			children = (
				CF56899E2AD9D67F00501A9A /* CNServicesController.swift */,
				CF5689A32AD9D8D900501A9A /* CNServicesControllerProtocol.swift */,
			);
			path = Controller;
			sourceTree = "<group>";
		};
		CF5689A82AD9E44100501A9A /* Fonts */ = {
			isa = PBXGroup;
			children = (
				CF5689B52AD9E61C00501A9A /* CNCustomFonts.swift */,
				CF5689B72AD9E8D900501A9A /* CNFontWeightEnum.swift */,
				CF5689A92AD9E44700501A9A /* Inter */,
			);
			path = Fonts;
			sourceTree = "<group>";
		};
		CF5689A92AD9E44700501A9A /* Inter */ = {
			isa = PBXGroup;
			children = (
				CF5689BC2AD9EAF600501A9A /* Inter-Black.ttf */,
				CF5689BF2AD9EAF600501A9A /* Inter-Bold.ttf */,
				CF5689BB2AD9EAF600501A9A /* Inter-ExtraBold.ttf */,
				CF5689C02AD9EAF600501A9A /* Inter-ExtraLight.ttf */,
				CF5689C12AD9EAF600501A9A /* Inter-Light.ttf */,
				CF5689BD2AD9EAF600501A9A /* Inter-Medium.ttf */,
				CF5689B92AD9EAF600501A9A /* Inter-Regular.ttf */,
				CF5689BE2AD9EAF600501A9A /* Inter-SemiBold.ttf */,
				CF5689BA2AD9EAF600501A9A /* Inter-Thin.ttf */,
			);
			path = Inter;
			sourceTree = "<group>";
		};
		CF5689B32AD9E5B500501A9A /* Colors */ = {
			isa = PBXGroup;
			children = (
				CFA9FEB72ABF67680032555C /* CNCustomColors.swift */,
			);
			path = Colors;
			sourceTree = "<group>";
		};
		CF5689B42AD9E5BE00501A9A /* Images */ = {
			isa = PBXGroup;
			children = (
				CFA9FEB52ABF642B0032555C /* CNCustomImages.swift */,
			);
			path = Images;
			sourceTree = "<group>";
		};
		CF61A7992AC0A315004B1D9F /* Login */ = {
			isa = PBXGroup;
			children = (
				CF61A79A2AC0A359004B1D9F /* CNOnboardingLoginViewController.swift */,
				CF61A79C2AC0A3F5004B1D9F /* CNOnboardingLoginViewModel.swift */,
				CF61A7A02AC0A404004B1D9F /* CNOnboardingLoginViewState.swift */,
				CF61A79E2AC0A3FC004B1D9F /* CNOnboardingLoginView.swift */,
				CF61A7A22AC0A408004B1D9F /* ViewSections */,
			);
			path = Login;
			sourceTree = "<group>";
		};
		CF61A7A22AC0A408004B1D9F /* ViewSections */ = {
			isa = PBXGroup;
			children = (
				CF61A7A32AC0A868004B1D9F /* CNOnboardingLoginHeaderSectionView.swift */,
				CF61A7A92AC0C31E004B1D9F /* CNOnboardingLoginFooterSectionView.swift */,
				CF4875022AD23F7E0056EE78 /* CNOnboardingLoginRequestErrorView.swift */,
				CFEE5A2D2AD8C8CD009E581C /* CNOnboardingLoginHelpView.swift */,
			);
			path = ViewSections;
			sourceTree = "<group>";
		};
		CF61A7A52AC0A8B6004B1D9F /* Button */ = {
			isa = PBXGroup;
			children = (
				CFA9FEC02ABFB6F60032555C /* CNButton.swift */,
			);
			path = Button;
			sourceTree = "<group>";
		};
		CF61A7A62AC0A8C5004B1D9F /* TextField */ = {
			isa = PBXGroup;
			children = (
				CF61A7A72AC0A8D4004B1D9F /* CNTextField.swift */,
			);
			path = TextField;
			sourceTree = "<group>";
		};
		CF6233762B69D38F0043ACC7 /* TabBarProtocols */ = {
			isa = PBXGroup;
			children = (
				CF6233772B69D3B30043ACC7 /* CNTabBaProtocols.swift */,
				CF6233792B69D3F20043ACC7 /* CNTabBarSignaturesEnum.swift */,
			);
			path = TabBarProtocols;
			sourceTree = "<group>";
		};
		CFA9FEB42ABF63D00032555C /* Extensions */ = {
			isa = PBXGroup;
			children = (
				CFA9FEB92ABF6A510032555C /* UIViewExtensions.swift */,
				CFA9FEBD2ABF7D190032555C /* UIStackViewExtensions.swift */,
				CF522CA82AC3C3AC00F984A2 /* DataExtensions.swift */,
				CF522CAA2AC3C3D700F984A2 /* EncodableExtensions.swift */,
				CF4875002AD23CFB0056EE78 /* UIViewControllerExtensions.swift */,
				CFFAE4942B71B763008DC2E6 /* IntExtensions.swift */,
			);
			path = Extensions;
			sourceTree = "<group>";
		};
		CFA9FEBF2ABFB68D0032555C /* Components */ = {
			isa = PBXGroup;
			children = (
				CFFE56A12B6857EE006CF000 /* MainTabBar */,
				CFEE5A2F2AD8D25B009E581C /* Hyperlink */,
				CF4874F42AD226C20056EE78 /* BottomSheet */,
				CF522C9F2AC3B32600F984A2 /* DynamicKeyboardHeight */,
				CF61A7A52AC0A8B6004B1D9F /* Button */,
				CF61A7A62AC0A8C5004B1D9F /* TextField */,
			);
			path = Components;
			sourceTree = "<group>";
		};
		CFA9FEC42ABFC2310032555C /* Flow */ = {
			isa = PBXGroup;
			children = (
				CFA9FEC52ABFC2510032555C /* CNMainFlowController.swift */,
			);
			path = Flow;
			sourceTree = "<group>";
		};
		CFA9FEC92ABFC4950032555C /* Flow */ = {
			isa = PBXGroup;
			children = (
				CFA9FECA2ABFC4A60032555C /* CNOnboardingFlowController.swift */,
				CF6233722B69B5490043ACC7 /* CNOnboardingFactory.swift */,
			);
			path = Flow;
			sourceTree = "<group>";
		};
		CFA9FECC2ABFC6E00032555C /* Resources */ = {
			isa = PBXGroup;
			children = (
				CF5689B42AD9E5BE00501A9A /* Images */,
				CF5689B32AD9E5B500501A9A /* Colors */,
				CF5689A82AD9E44100501A9A /* Fonts */,
				CFC728872ACE4B1900DAF2B2 /* Animations */,
				CF53C21A2ABF4FD000E6C8A6 /* Assets.xcassets */,
				CF53C21C2ABF4FD000E6C8A6 /* LaunchScreen.storyboard */,
			);
			path = Resources;
			sourceTree = "<group>";
		};
		CFC728872ACE4B1900DAF2B2 /* Animations */ = {
			isa = PBXGroup;
			children = (
				CFC7288A2ACE4F6B00DAF2B2 /* button_loading.json */,
			);
			path = Animations;
			sourceTree = "<group>";
		};
		CFEE5A2F2AD8D25B009E581C /* Hyperlink */ = {
			isa = PBXGroup;
			children = (
				CFEE5A302AD8D379009E581C /* CNHyperlinkTextView.swift */,
			);
			path = Hyperlink;
			sourceTree = "<group>";
		};
		CFEE5A342AD8DD3E009E581C /* UserDefaults */ = {
			isa = PBXGroup;
			children = (
				CFEE5A322AD8DD39009E581C /* CNUserDefaultsController.swift */,
				CF5689A02AD9D84100501A9A /* CNUserDefaultsProtocol.swift */,
				CF5689A62AD9DB7700501A9A /* CNUserDefaultsCommonsEnum.swift */,
			);
			path = UserDefaults;
			sourceTree = "<group>";
		};
		CFFAE4912B6B1354008DC2E6 /* KeyChain */ = {
			isa = PBXGroup;
			children = (
				CFFAE4922B6B13BF008DC2E6 /* CNKeyChainController.swift */,
				CFFAE4962B71CF61008DC2E6 /* CNKeyChainCommonsEnum.swift */,
				CFFAE4982B71CFAA008DC2E6 /* CNKeyChainProtocol.swift */,
			);
			path = KeyChain;
			sourceTree = "<group>";
		};
		CFFE56A12B6857EE006CF000 /* MainTabBar */ = {
			isa = PBXGroup;
			children = (
				CFFE56A22B685805006CF000 /* CNMainTabBarController.swift */,
				CF6233762B69D38F0043ACC7 /* TabBarProtocols */,
			);
			path = MainTabBar;
			sourceTree = "<group>";
		};
		CFFE56A42B685B62006CF000 /* HomeTab */ = {
			isa = PBXGroup;
			children = (
				CFFE56A82B685BD6006CF000 /* Flow */,
				CFFE56B42B68614C006CF000 /* MainHome */,
				CFFE56B72B686177006CF000 /* MediaDetails */,
			);
			path = HomeTab;
			sourceTree = "<group>";
		};
		CFFE56A52B685B6B006CF000 /* SearchTab */ = {
			isa = PBXGroup;
			children = (
				CFFE56A92B685BDB006CF000 /* Flow */,
				CFFE56BF2B6866D8006CF000 /* MainSearch */,
			);
			path = SearchTab;
			sourceTree = "<group>";
		};
		CFFE56A62B685BA6006CF000 /* FavoritesTab */ = {
			isa = PBXGroup;
			children = (
				CFFE56AA2B685BE0006CF000 /* Flow */,
				CFFE56C42B68672E006CF000 /* MainFavorites */,
			);
			path = FavoritesTab;
			sourceTree = "<group>";
		};
		CFFE56A72B685BAE006CF000 /* AccountTab */ = {
			isa = PBXGroup;
			children = (
				CFFE56AB2B685BE5006CF000 /* Flow */,
				CFFE56C92B686773006CF000 /* MainAccount */,
			);
			path = AccountTab;
			sourceTree = "<group>";
		};
		CFFE56A82B685BD6006CF000 /* Flow */ = {
			isa = PBXGroup;
			children = (
				CFFE56AC2B685BF6006CF000 /* CNHomeTabFlowController.swift */,
				CF6233742B69C74A0043ACC7 /* CNHomeTabFactory.swift */,
			);
			path = Flow;
			sourceTree = "<group>";
		};
		CFFE56A92B685BDB006CF000 /* Flow */ = {
			isa = PBXGroup;
			children = (
				CFFE56AE2B685C00006CF000 /* CNSearchTabFlowController.swift */,
				CF62337B2B69E2350043ACC7 /* CNSearchTabFactory.swift */,
			);
			path = Flow;
			sourceTree = "<group>";
		};
		CFFE56AA2B685BE0006CF000 /* Flow */ = {
			isa = PBXGroup;
			children = (
				CFFE56B02B685C0A006CF000 /* CNFavoritesTabFlowController.swift */,
				CF62337D2B69E35C0043ACC7 /* CNFavoritesTabFactory.swift */,
			);
			path = Flow;
			sourceTree = "<group>";
		};
		CFFE56AB2B685BE5006CF000 /* Flow */ = {
			isa = PBXGroup;
			children = (
				CFFE56B22B685C13006CF000 /* CNAccountTabFlowController.swift */,
				CF62337F2B69E45A0043ACC7 /* CNAccountTabFactory.swift */,
			);
			path = Flow;
			sourceTree = "<group>";
		};
		CFFE56B42B68614C006CF000 /* MainHome */ = {
			isa = PBXGroup;
			children = (
				CFFE56B52B68615D006CF000 /* Scenes */,
			);
			path = MainHome;
			sourceTree = "<group>";
		};
		CFFE56B52B68615D006CF000 /* Scenes */ = {
			isa = PBXGroup;
			children = (
				CFFE56B62B686172006CF000 /* Main */,
				CFFE56B82B686183006CF000 /* Listing */,
				CFFE56B92B68618F006CF000 /* Brands */,
			);
			path = Scenes;
			sourceTree = "<group>";
		};
		CFFE56B62B686172006CF000 /* Main */ = {
			isa = PBXGroup;
			children = (
				CFFE56BD2B6865C5006CF000 /* CNHomeTabMainViewController.swift */,
			);
			path = Main;
			sourceTree = "<group>";
		};
		CFFE56B72B686177006CF000 /* MediaDetails */ = {
			isa = PBXGroup;
			children = (
				CFFE56BA2B6864F0006CF000 /* Scenes */,
			);
			path = MediaDetails;
			sourceTree = "<group>";
		};
		CFFE56B82B686183006CF000 /* Listing */ = {
			isa = PBXGroup;
			children = (
			);
			path = Listing;
			sourceTree = "<group>";
		};
		CFFE56B92B68618F006CF000 /* Brands */ = {
			isa = PBXGroup;
			children = (
			);
			path = Brands;
			sourceTree = "<group>";
		};
		CFFE56BA2B6864F0006CF000 /* Scenes */ = {
			isa = PBXGroup;
			children = (
				CFFE56BB2B6864FD006CF000 /* MovieDetails */,
				CFFE56BC2B686509006CF000 /* SeriesDetails */,
			);
			path = Scenes;
			sourceTree = "<group>";
		};
		CFFE56BB2B6864FD006CF000 /* MovieDetails */ = {
			isa = PBXGroup;
			children = (
			);
			path = MovieDetails;
			sourceTree = "<group>";
		};
		CFFE56BC2B686509006CF000 /* SeriesDetails */ = {
			isa = PBXGroup;
			children = (
			);
			path = SeriesDetails;
			sourceTree = "<group>";
		};
		CFFE56BF2B6866D8006CF000 /* MainSearch */ = {
			isa = PBXGroup;
			children = (
				CFFE56C02B6866EC006CF000 /* Scenes */,
			);
			path = MainSearch;
			sourceTree = "<group>";
		};
		CFFE56C02B6866EC006CF000 /* Scenes */ = {
			isa = PBXGroup;
			children = (
				CFFE56C12B6866F8006CF000 /* Main */,
			);
			path = Scenes;
			sourceTree = "<group>";
		};
		CFFE56C12B6866F8006CF000 /* Main */ = {
			isa = PBXGroup;
			children = (
				CFFE56C22B686709006CF000 /* CNSearchTabMainViewController.swift */,
			);
			path = Main;
			sourceTree = "<group>";
		};
		CFFE56C42B68672E006CF000 /* MainFavorites */ = {
			isa = PBXGroup;
			children = (
				CFFE56C52B686738006CF000 /* Scenes */,
			);
			path = MainFavorites;
			sourceTree = "<group>";
		};
		CFFE56C52B686738006CF000 /* Scenes */ = {
			isa = PBXGroup;
			children = (
				CFFE56C62B68673C006CF000 /* Main */,
			);
			path = Scenes;
			sourceTree = "<group>";
		};
		CFFE56C62B68673C006CF000 /* Main */ = {
			isa = PBXGroup;
			children = (
				CFFE56C72B68674F006CF000 /* CNFavoritesTabMainViewController.swift */,
			);
			path = Main;
			sourceTree = "<group>";
		};
		CFFE56C92B686773006CF000 /* MainAccount */ = {
			isa = PBXGroup;
			children = (
				CFFE56CA2B68677F006CF000 /* Scenes */,
			);
			path = MainAccount;
			sourceTree = "<group>";
		};
		CFFE56CA2B68677F006CF000 /* Scenes */ = {
			isa = PBXGroup;
			children = (
				CFFE56CB2B686783006CF000 /* Main */,
			);
			path = Scenes;
			sourceTree = "<group>";
		};
		CFFE56CB2B686783006CF000 /* Main */ = {
			isa = PBXGroup;
			children = (
				CFFE56CC2B68679C006CF000 /* CNAccountTabMainViewController.swift */,
			);
			path = Main;
			sourceTree = "<group>";
		};
/* End PBXGroup section */

/* Begin PBXNativeTarget section */
		CF53C20D2ABF4FCF00E6C8A6 /* iCine */ = {
			isa = PBXNativeTarget;
			buildConfigurationList = CF53C2222ABF4FD000E6C8A6 /* Build configuration list for PBXNativeTarget "iCine" */;
			buildPhases = (
				F24B1F1E9AA568805D66EA66 /* [CP] Check Pods Manifest.lock */,
				CF53C20A2ABF4FCF00E6C8A6 /* Sources */,
				CF53C20B2ABF4FCF00E6C8A6 /* Frameworks */,
				CF53C20C2ABF4FCF00E6C8A6 /* Resources */,
				7EF667360673BFCE2930CD42 /* [CP] Embed Pods Frameworks */,
			);
			buildRules = (
			);
			dependencies = (
			);
			name = iCine;
			productName = iCine;
			productReference = CF53C20E2ABF4FCF00E6C8A6 /* iCine.app */;
			productType = "com.apple.product-type.application";
		};
/* End PBXNativeTarget section */

/* Begin PBXProject section */
		CF53C2062ABF4FCF00E6C8A6 /* Project object */ = {
			isa = PBXProject;
			attributes = {
				BuildIndependentTargetsInParallel = 1;
				LastSwiftUpdateCheck = 1430;
				LastUpgradeCheck = 1430;
				TargetAttributes = {
					CF53C20D2ABF4FCF00E6C8A6 = {
						CreatedOnToolsVersion = 14.3;
					};
				};
			};
			buildConfigurationList = CF53C2092ABF4FCF00E6C8A6 /* Build configuration list for PBXProject "iCine" */;
			compatibilityVersion = "Xcode 14.0";
			developmentRegion = en;
			hasScannedForEncodings = 0;
			knownRegions = (
				en,
				Base,
			);
			mainGroup = CF53C2052ABF4FCF00E6C8A6;
			productRefGroup = CF53C20F2ABF4FCF00E6C8A6 /* Products */;
			projectDirPath = "";
			projectRoot = "";
			targets = (
				CF53C20D2ABF4FCF00E6C8A6 /* iCine */,
			);
		};
/* End PBXProject section */

/* Begin PBXResourcesBuildPhase section */
		CF53C20C2ABF4FCF00E6C8A6 /* Resources */ = {
			isa = PBXResourcesBuildPhase;
			buildActionMask = 2147483647;
			files = (
				CF53C21E2ABF4FD000E6C8A6 /* LaunchScreen.storyboard in Resources */,
				CF53C21B2ABF4FD000E6C8A6 /* Assets.xcassets in Resources */,
				CF5689C22AD9EAF600501A9A /* Inter-Regular.ttf in Resources */,
				CF5689C72AD9EAF600501A9A /* Inter-SemiBold.ttf in Resources */,
				CF5689C32AD9EAF600501A9A /* Inter-Thin.ttf in Resources */,
				CF5689C62AD9EAF600501A9A /* Inter-Medium.ttf in Resources */,
				CF5689C82AD9EAF600501A9A /* Inter-Bold.ttf in Resources */,
				CFC7288B2ACE4F6B00DAF2B2 /* button_loading.json in Resources */,
				CF5689C92AD9EAF600501A9A /* Inter-ExtraLight.ttf in Resources */,
				CF5689C42AD9EAF600501A9A /* Inter-ExtraBold.ttf in Resources */,
				CF5689CA2AD9EAF600501A9A /* Inter-Light.ttf in Resources */,
				CF5689C52AD9EAF600501A9A /* Inter-Black.ttf in Resources */,
			);
			runOnlyForDeploymentPostprocessing = 0;
		};
/* End PBXResourcesBuildPhase section */

/* Begin PBXShellScriptBuildPhase section */
		7EF667360673BFCE2930CD42 /* [CP] Embed Pods Frameworks */ = {
			isa = PBXShellScriptBuildPhase;
			buildActionMask = 2147483647;
			files = (
			);
			inputFileListPaths = (
				"${PODS_ROOT}/Target Support Files/Pods-iCine/Pods-iCine-frameworks-${CONFIGURATION}-input-files.xcfilelist",
			);
			name = "[CP] Embed Pods Frameworks";
			outputFileListPaths = (
				"${PODS_ROOT}/Target Support Files/Pods-iCine/Pods-iCine-frameworks-${CONFIGURATION}-output-files.xcfilelist",
			);
			runOnlyForDeploymentPostprocessing = 0;
			shellPath = /bin/sh;
			shellScript = "\"${PODS_ROOT}/Target Support Files/Pods-iCine/Pods-iCine-frameworks.sh\"\n";
			showEnvVarsInLog = 0;
		};
		F24B1F1E9AA568805D66EA66 /* [CP] Check Pods Manifest.lock */ = {
			isa = PBXShellScriptBuildPhase;
			buildActionMask = 2147483647;
			files = (
			);
			inputFileListPaths = (
			);
			inputPaths = (
				"${PODS_PODFILE_DIR_PATH}/Podfile.lock",
				"${PODS_ROOT}/Manifest.lock",
			);
			name = "[CP] Check Pods Manifest.lock";
			outputFileListPaths = (
			);
			outputPaths = (
				"$(DERIVED_FILE_DIR)/Pods-iCine-checkManifestLockResult.txt",
			);
			runOnlyForDeploymentPostprocessing = 0;
			shellPath = /bin/sh;
			shellScript = "diff \"${PODS_PODFILE_DIR_PATH}/Podfile.lock\" \"${PODS_ROOT}/Manifest.lock\" > /dev/null\nif [ $? != 0 ] ; then\n    # print error to STDERR\n    echo \"error: The sandbox is not in sync with the Podfile.lock. Run 'pod install' or update your CocoaPods installation.\" >&2\n    exit 1\nfi\n# This output is used by Xcode 'outputs' to avoid re-running this script phase.\necho \"SUCCESS\" > \"${SCRIPT_OUTPUT_FILE_0}\"\n";
			showEnvVarsInLog = 0;
		};
/* End PBXShellScriptBuildPhase section */

/* Begin PBXSourcesBuildPhase section */
		CF53C20A2ABF4FCF00E6C8A6 /* Sources */ = {
			isa = PBXSourcesBuildPhase;
			buildActionMask = 2147483647;
			files = (
				CFFE56C32B686709006CF000 /* CNSearchTabMainViewController.swift in Sources */,
				CFA9FEB82ABF67680032555C /* CNCustomColors.swift in Sources */,
				CF61A79F2AC0A3FC004B1D9F /* CNOnboardingLoginView.swift in Sources */,
				CF61A7A82AC0A8D4004B1D9F /* CNTextField.swift in Sources */,
				CF522CA32AC3C29E00F984A2 /* CNNetworkController.swift in Sources */,
				CF8537CF2ACBB0CD007E42E5 /* CNOnboardingLoginUserCredentials.swift in Sources */,
				CF61A79B2AC0A359004B1D9F /* CNOnboardingLoginViewController.swift in Sources */,
				CFFE56B12B685C0A006CF000 /* CNFavoritesTabFlowController.swift in Sources */,
				CFA9FEC62ABFC2510032555C /* CNMainFlowController.swift in Sources */,
				CF53C22F2ABF554B00E6C8A6 /* CNOnboardingHomeView.swift in Sources */,
				CFFE56A32B685805006CF000 /* CNMainTabBarController.swift in Sources */,
				CFA9FEC12ABFB6F60032555C /* CNButton.swift in Sources */,
				CF5689A12AD9D84100501A9A /* CNUserDefaultsProtocol.swift in Sources */,
				CF56899F2AD9D67F00501A9A /* CNServicesController.swift in Sources */,
				CFFE56C82B68674F006CF000 /* CNFavoritesTabMainViewController.swift in Sources */,
				CFFAE4952B71B763008DC2E6 /* IntExtensions.swift in Sources */,
				CFEE5A2E2AD8C8CD009E581C /* CNOnboardingLoginHelpView.swift in Sources */,
				CFA9FEBC2ABF781C0032555C /* CNOnboardingHomeBodySectionView.swift in Sources */,
				CF53C22D2ABF553400E6C8A6 /* CNOnboardingHomeViewModel.swift in Sources */,
				CFEE5A312AD8D379009E581C /* CNHyperlinkTextView.swift in Sources */,
				CFA9FECB2ABFC4A60032555C /* CNOnboardingFlowController.swift in Sources */,
				CF61A7A12AC0A404004B1D9F /* CNOnboardingLoginViewState.swift in Sources */,
				CFFAE4992B71CFAA008DC2E6 /* CNKeyChainProtocol.swift in Sources */,
				CF5689B82AD9E8D900501A9A /* CNFontWeightEnum.swift in Sources */,
				CF522CA92AC3C3AC00F984A2 /* DataExtensions.swift in Sources */,
				CFA9FEB32ABF612E0032555C /* CNOnboardingHomeBackgroundSectionView.swift in Sources */,
				CF5689B62AD9E61C00501A9A /* CNCustomFonts.swift in Sources */,
				CF8537CD2ACBAEC2007E42E5 /* CNOnboardingLoginValidateTokenPayload.swift in Sources */,
				CF62337A2B69D3F20043ACC7 /* CNTabBarSignaturesEnum.swift in Sources */,
				CF4875032AD23F7E0056EE78 /* CNOnboardingLoginRequestErrorView.swift in Sources */,
				CFFE56BE2B6865C5006CF000 /* CNHomeTabMainViewController.swift in Sources */,
				CF62337C2B69E2350043ACC7 /* CNSearchTabFactory.swift in Sources */,
				CF5689A42AD9D8D900501A9A /* CNServicesControllerProtocol.swift in Sources */,
				CF61A7A42AC0A868004B1D9F /* CNOnboardingLoginHeaderSectionView.swift in Sources */,
				CFA9FEBE2ABF7D190032555C /* UIStackViewExtensions.swift in Sources */,
				CFEE5A332AD8DD39009E581C /* CNUserDefaultsController.swift in Sources */,
				CFA9FEB62ABF642B0032555C /* CNCustomImages.swift in Sources */,
				CF6233732B69B5490043ACC7 /* CNOnboardingFactory.swift in Sources */,
				CF53C22B2ABF54F300E6C8A6 /* CNOnboardingHomeViewController.swift in Sources */,
				CF522CAB2AC3C3D700F984A2 /* EncodableExtensions.swift in Sources */,
				CF6233782B69D3B30043ACC7 /* CNTabBaProtocols.swift in Sources */,
				CF4874FD2AD22A5F0056EE78 /* BottomSheetViewController.swift in Sources */,
				CF62337E2B69E35C0043ACC7 /* CNFavoritesTabFactory.swift in Sources */,
				CF6233752B69C74A0043ACC7 /* CNHomeTabFactory.swift in Sources */,
				CF5689A72AD9DB7700501A9A /* CNUserDefaultsCommonsEnum.swift in Sources */,
				CFA9FEBA2ABF6A510032555C /* UIViewExtensions.swift in Sources */,
				CF61A7AA2AC0C31E004B1D9F /* CNOnboardingLoginFooterSectionView.swift in Sources */,
				CF522C9E2AC3AE8E00F984A2 /* DynamicKeyboardHeightViewController.swift in Sources */,
				CF53C2322ABF55F900E6C8A6 /* CNOnboardingHomeViewState.swift in Sources */,
				CFFE56AD2B685BF6006CF000 /* CNHomeTabFlowController.swift in Sources */,
				CF8537D52ACBB908007E42E5 /* CNOnboardingLoginAccountDetailsResponse.swift in Sources */,
				CFFAE4972B71CF61008DC2E6 /* CNKeyChainCommonsEnum.swift in Sources */,
				CFA9FEC32ABFBA170032555C /* CNOnboardingHomeFooterSectionView.swift in Sources */,
				CF8537D32ACBB732007E42E5 /* CNOnboardingLoginCreateSessionResponse.swift in Sources */,
				CF522CA72AC3C33300F984A2 /* CNNetworkRequestProtocol.swift in Sources */,
				CF522CAF2AC3C42600F984A2 /* CNOnboardingLoginRequest.swift in Sources */,
				CF4875012AD23CFB0056EE78 /* UIViewControllerExtensions.swift in Sources */,
				CFFE56B32B685C13006CF000 /* CNAccountTabFlowController.swift in Sources */,
				CFFAE4932B6B13BF008DC2E6 /* CNKeyChainController.swift in Sources */,
				CF4874FF2AD22A760056EE78 /* PresentedSheetViewController.swift in Sources */,
				CFFE56AF2B685C00006CF000 /* CNSearchTabFlowController.swift in Sources */,
				CF61A79D2AC0A3F5004B1D9F /* CNOnboardingLoginViewModel.swift in Sources */,
				CF6233802B69E45A0043ACC7 /* CNAccountTabFactory.swift in Sources */,
				CF53C2122ABF4FCF00E6C8A6 /* AppDelegate.swift in Sources */,
				CFFE56CD2B68679C006CF000 /* CNAccountTabMainViewController.swift in Sources */,
				CF522CB32AC3C50700F984A2 /* CNOnboardingLoginRequestTokenResponse.swift in Sources */,
				CF522CA52AC3C2D600F984A2 /* CNNetworkControllerProtocol.swift in Sources */,
				CF53C2142ABF4FCF00E6C8A6 /* SceneDelegate.swift in Sources */,
			);
			runOnlyForDeploymentPostprocessing = 0;
		};
/* End PBXSourcesBuildPhase section */

/* Begin PBXVariantGroup section */
		CF53C21C2ABF4FD000E6C8A6 /* LaunchScreen.storyboard */ = {
			isa = PBXVariantGroup;
			children = (
				CF53C21D2ABF4FD000E6C8A6 /* Base */,
			);
			name = LaunchScreen.storyboard;
			sourceTree = "<group>";
		};
/* End PBXVariantGroup section */

/* Begin XCBuildConfiguration section */
		CF53C2202ABF4FD000E6C8A6 /* Debug */ = {
			isa = XCBuildConfiguration;
			buildSettings = {
				ALWAYS_SEARCH_USER_PATHS = NO;
				CLANG_ANALYZER_NONNULL = YES;
				CLANG_ANALYZER_NUMBER_OBJECT_CONVERSION = YES_AGGRESSIVE;
				CLANG_CXX_LANGUAGE_STANDARD = "gnu++20";
				CLANG_ENABLE_MODULES = YES;
				CLANG_ENABLE_OBJC_ARC = YES;
				CLANG_ENABLE_OBJC_WEAK = YES;
				CLANG_WARN_BLOCK_CAPTURE_AUTORELEASING = YES;
				CLANG_WARN_BOOL_CONVERSION = YES;
				CLANG_WARN_COMMA = YES;
				CLANG_WARN_CONSTANT_CONVERSION = YES;
				CLANG_WARN_DEPRECATED_OBJC_IMPLEMENTATIONS = YES;
				CLANG_WARN_DIRECT_OBJC_ISA_USAGE = YES_ERROR;
				CLANG_WARN_DOCUMENTATION_COMMENTS = YES;
				CLANG_WARN_EMPTY_BODY = YES;
				CLANG_WARN_ENUM_CONVERSION = YES;
				CLANG_WARN_INFINITE_RECURSION = YES;
				CLANG_WARN_INT_CONVERSION = YES;
				CLANG_WARN_NON_LITERAL_NULL_CONVERSION = YES;
				CLANG_WARN_OBJC_IMPLICIT_RETAIN_SELF = YES;
				CLANG_WARN_OBJC_LITERAL_CONVERSION = YES;
				CLANG_WARN_OBJC_ROOT_CLASS = YES_ERROR;
				CLANG_WARN_QUOTED_INCLUDE_IN_FRAMEWORK_HEADER = YES;
				CLANG_WARN_RANGE_LOOP_ANALYSIS = YES;
				CLANG_WARN_STRICT_PROTOTYPES = YES;
				CLANG_WARN_SUSPICIOUS_MOVE = YES;
				CLANG_WARN_UNGUARDED_AVAILABILITY = YES_AGGRESSIVE;
				CLANG_WARN_UNREACHABLE_CODE = YES;
				CLANG_WARN__DUPLICATE_METHOD_MATCH = YES;
				COPY_PHASE_STRIP = NO;
				DEBUG_INFORMATION_FORMAT = dwarf;
				ENABLE_STRICT_OBJC_MSGSEND = YES;
				ENABLE_TESTABILITY = YES;
				GCC_C_LANGUAGE_STANDARD = gnu11;
				GCC_DYNAMIC_NO_PIC = NO;
				GCC_NO_COMMON_BLOCKS = YES;
				GCC_OPTIMIZATION_LEVEL = 0;
				GCC_PREPROCESSOR_DEFINITIONS = (
					"DEBUG=1",
					"$(inherited)",
				);
				GCC_WARN_64_TO_32_BIT_CONVERSION = YES;
				GCC_WARN_ABOUT_RETURN_TYPE = YES_ERROR;
				GCC_WARN_UNDECLARED_SELECTOR = YES;
				GCC_WARN_UNINITIALIZED_AUTOS = YES_AGGRESSIVE;
				GCC_WARN_UNUSED_FUNCTION = YES;
				GCC_WARN_UNUSED_VARIABLE = YES;
				IPHONEOS_DEPLOYMENT_TARGET = 17.0;
				MTL_ENABLE_DEBUG_INFO = INCLUDE_SOURCE;
				MTL_FAST_MATH = YES;
				ONLY_ACTIVE_ARCH = YES;
				SDKROOT = iphoneos;
				SWIFT_ACTIVE_COMPILATION_CONDITIONS = DEBUG;
				SWIFT_OPTIMIZATION_LEVEL = "-Onone";
			};
			name = Debug;
		};
		CF53C2212ABF4FD000E6C8A6 /* Release */ = {
			isa = XCBuildConfiguration;
			buildSettings = {
				ALWAYS_SEARCH_USER_PATHS = NO;
				CLANG_ANALYZER_NONNULL = YES;
				CLANG_ANALYZER_NUMBER_OBJECT_CONVERSION = YES_AGGRESSIVE;
				CLANG_CXX_LANGUAGE_STANDARD = "gnu++20";
				CLANG_ENABLE_MODULES = YES;
				CLANG_ENABLE_OBJC_ARC = YES;
				CLANG_ENABLE_OBJC_WEAK = YES;
				CLANG_WARN_BLOCK_CAPTURE_AUTORELEASING = YES;
				CLANG_WARN_BOOL_CONVERSION = YES;
				CLANG_WARN_COMMA = YES;
				CLANG_WARN_CONSTANT_CONVERSION = YES;
				CLANG_WARN_DEPRECATED_OBJC_IMPLEMENTATIONS = YES;
				CLANG_WARN_DIRECT_OBJC_ISA_USAGE = YES_ERROR;
				CLANG_WARN_DOCUMENTATION_COMMENTS = YES;
				CLANG_WARN_EMPTY_BODY = YES;
				CLANG_WARN_ENUM_CONVERSION = YES;
				CLANG_WARN_INFINITE_RECURSION = YES;
				CLANG_WARN_INT_CONVERSION = YES;
				CLANG_WARN_NON_LITERAL_NULL_CONVERSION = YES;
				CLANG_WARN_OBJC_IMPLICIT_RETAIN_SELF = YES;
				CLANG_WARN_OBJC_LITERAL_CONVERSION = YES;
				CLANG_WARN_OBJC_ROOT_CLASS = YES_ERROR;
				CLANG_WARN_QUOTED_INCLUDE_IN_FRAMEWORK_HEADER = YES;
				CLANG_WARN_RANGE_LOOP_ANALYSIS = YES;
				CLANG_WARN_STRICT_PROTOTYPES = YES;
				CLANG_WARN_SUSPICIOUS_MOVE = YES;
				CLANG_WARN_UNGUARDED_AVAILABILITY = YES_AGGRESSIVE;
				CLANG_WARN_UNREACHABLE_CODE = YES;
				CLANG_WARN__DUPLICATE_METHOD_MATCH = YES;
				COPY_PHASE_STRIP = NO;
				DEBUG_INFORMATION_FORMAT = "dwarf-with-dsym";
				ENABLE_NS_ASSERTIONS = NO;
				ENABLE_STRICT_OBJC_MSGSEND = YES;
				GCC_C_LANGUAGE_STANDARD = gnu11;
				GCC_NO_COMMON_BLOCKS = YES;
				GCC_WARN_64_TO_32_BIT_CONVERSION = YES;
				GCC_WARN_ABOUT_RETURN_TYPE = YES_ERROR;
				GCC_WARN_UNDECLARED_SELECTOR = YES;
				GCC_WARN_UNINITIALIZED_AUTOS = YES_AGGRESSIVE;
				GCC_WARN_UNUSED_FUNCTION = YES;
				GCC_WARN_UNUSED_VARIABLE = YES;
				IPHONEOS_DEPLOYMENT_TARGET = 17.0;
				MTL_ENABLE_DEBUG_INFO = NO;
				MTL_FAST_MATH = YES;
				SDKROOT = iphoneos;
				SWIFT_COMPILATION_MODE = wholemodule;
				SWIFT_OPTIMIZATION_LEVEL = "-O";
				VALIDATE_PRODUCT = YES;
			};
			name = Release;
		};
		CF53C2232ABF4FD000E6C8A6 /* Debug */ = {
			isa = XCBuildConfiguration;
			baseConfigurationReference = 1A5DF45C673D05867534DCAA /* Pods-iCine.debug.xcconfig */;
			buildSettings = {
				ASSETCATALOG_COMPILER_APPICON_NAME = AppIcon;
				ASSETCATALOG_COMPILER_GLOBAL_ACCENT_COLOR_NAME = AccentColor;
				CODE_SIGN_STYLE = Automatic;
				CURRENT_PROJECT_VERSION = 1;
				DEVELOPMENT_TEAM = J49GH65GF7;
				GENERATE_INFOPLIST_FILE = YES;
				INFOPLIST_FILE = iCine/Info.plist;
				INFOPLIST_KEY_UIApplicationSupportsIndirectInputEvents = YES;
				INFOPLIST_KEY_UILaunchStoryboardName = LaunchScreen;
				INFOPLIST_KEY_UIRequiresFullScreen = NO;
				INFOPLIST_KEY_UIStatusBarStyle = UIStatusBarStyleDarkContent;
				INFOPLIST_KEY_UISupportedInterfaceOrientations = UIInterfaceOrientationPortrait;
				INFOPLIST_KEY_UIUserInterfaceStyle = Dark;
				IPHONEOS_DEPLOYMENT_TARGET = 17.0;
				LD_RUNPATH_SEARCH_PATHS = (
					"$(inherited)",
					"@executable_path/Frameworks",
				);
				MARKETING_VERSION = 1.0;
				PRODUCT_BUNDLE_IDENTIFIER = johnnyLabs.iCine;
				PRODUCT_NAME = "$(TARGET_NAME)";
				SWIFT_EMIT_LOC_STRINGS = YES;
				SWIFT_VERSION = 5.0;
				TARGETED_DEVICE_FAMILY = "1,2";
			};
			name = Debug;
		};
		CF53C2242ABF4FD000E6C8A6 /* Release */ = {
			isa = XCBuildConfiguration;
			baseConfigurationReference = 9AD8E4C772CAA4B8EF6EADC1 /* Pods-iCine.release.xcconfig */;
			buildSettings = {
				ASSETCATALOG_COMPILER_APPICON_NAME = AppIcon;
				ASSETCATALOG_COMPILER_GLOBAL_ACCENT_COLOR_NAME = AccentColor;
				CODE_SIGN_STYLE = Automatic;
				CURRENT_PROJECT_VERSION = 1;
				DEVELOPMENT_TEAM = J49GH65GF7;
				GENERATE_INFOPLIST_FILE = YES;
				INFOPLIST_FILE = iCine/Info.plist;
				INFOPLIST_KEY_UIApplicationSupportsIndirectInputEvents = YES;
				INFOPLIST_KEY_UILaunchStoryboardName = LaunchScreen;
				INFOPLIST_KEY_UIRequiresFullScreen = NO;
				INFOPLIST_KEY_UIStatusBarStyle = UIStatusBarStyleDarkContent;
				INFOPLIST_KEY_UISupportedInterfaceOrientations = UIInterfaceOrientationPortrait;
				INFOPLIST_KEY_UIUserInterfaceStyle = Dark;
				IPHONEOS_DEPLOYMENT_TARGET = 17.0;
				LD_RUNPATH_SEARCH_PATHS = (
					"$(inherited)",
					"@executable_path/Frameworks",
				);
				MARKETING_VERSION = 1.0;
				PRODUCT_BUNDLE_IDENTIFIER = johnnyLabs.iCine;
				PRODUCT_NAME = "$(TARGET_NAME)";
				SWIFT_EMIT_LOC_STRINGS = YES;
				SWIFT_VERSION = 5.0;
				TARGETED_DEVICE_FAMILY = "1,2";
			};
			name = Release;
		};
/* End XCBuildConfiguration section */

/* Begin XCConfigurationList section */
		CF53C2092ABF4FCF00E6C8A6 /* Build configuration list for PBXProject "iCine" */ = {
			isa = XCConfigurationList;
			buildConfigurations = (
				CF53C2202ABF4FD000E6C8A6 /* Debug */,
				CF53C2212ABF4FD000E6C8A6 /* Release */,
			);
			defaultConfigurationIsVisible = 0;
			defaultConfigurationName = Release;
		};
		CF53C2222ABF4FD000E6C8A6 /* Build configuration list for PBXNativeTarget "iCine" */ = {
			isa = XCConfigurationList;
			buildConfigurations = (
				CF53C2232ABF4FD000E6C8A6 /* Debug */,
				CF53C2242ABF4FD000E6C8A6 /* Release */,
			);
			defaultConfigurationIsVisible = 0;
			defaultConfigurationName = Release;
		};
/* End XCConfigurationList section */
	};
	rootObject = CF53C2062ABF4FCF00E6C8A6 /* Project object */;
}
