// !$*UTF8*$!
{
	archiveVersion = 1;
	classes = {
	};
	objectVersion = 56;
	objects = {

/* Begin PBXBuildFile section */
		9F646EC2DE66DD8A424B07F8 /* Pods_iCine.framework in Frameworks */ = {isa = PBXBuildFile; fileRef = 43F4C753AB79AA6E622D0ADB /* Pods_iCine.framework */; };
		CF4874FD2AD22A5F0056EE78 /* BottomSheetViewController.swift in Sources */ = {isa = PBXBuildFile; fileRef = CF4874FC2AD22A5F0056EE78 /* BottomSheetViewController.swift */; };
		CF4874FF2AD22A760056EE78 /* PresentedSheetViewController.swift in Sources */ = {isa = PBXBuildFile; fileRef = CF4874FE2AD22A760056EE78 /* PresentedSheetViewController.swift */; };
		CF4875012AD23CFB0056EE78 /* UIViewControllerExtensions.swift in Sources */ = {isa = PBXBuildFile; fileRef = CF4875002AD23CFB0056EE78 /* UIViewControllerExtensions.swift */; };
		CF4875032AD23F7E0056EE78 /* CNLoginRequestErrorView.swift in Sources */ = {isa = PBXBuildFile; fileRef = CF4875022AD23F7E0056EE78 /* CNLoginRequestErrorView.swift */; };
		CF522C9E2AC3AE8E00F984A2 /* DynamicKeyboardHeightViewController.swift in Sources */ = {isa = PBXBuildFile; fileRef = CF522C9D2AC3AE8E00F984A2 /* DynamicKeyboardHeightViewController.swift */; };
		CF522CA32AC3C29E00F984A2 /* CNNetworkController.swift in Sources */ = {isa = PBXBuildFile; fileRef = CF522CA22AC3C29E00F984A2 /* CNNetworkController.swift */; };
		CF522CA52AC3C2D600F984A2 /* CNNetworkControllerProtocol.swift in Sources */ = {isa = PBXBuildFile; fileRef = CF522CA42AC3C2D600F984A2 /* CNNetworkControllerProtocol.swift */; };
		CF522CA72AC3C33300F984A2 /* CNNetworkRequestProtocol.swift in Sources */ = {isa = PBXBuildFile; fileRef = CF522CA62AC3C33300F984A2 /* CNNetworkRequestProtocol.swift */; };
		CF522CA92AC3C3AC00F984A2 /* DataExtensions.swift in Sources */ = {isa = PBXBuildFile; fileRef = CF522CA82AC3C3AC00F984A2 /* DataExtensions.swift */; };
		CF522CAB2AC3C3D700F984A2 /* EncodableExtensions.swift in Sources */ = {isa = PBXBuildFile; fileRef = CF522CAA2AC3C3D700F984A2 /* EncodableExtensions.swift */; };
		CF522CAF2AC3C42600F984A2 /* CNLoginRequest.swift in Sources */ = {isa = PBXBuildFile; fileRef = CF522CAE2AC3C42600F984A2 /* CNLoginRequest.swift */; };
		CF522CB32AC3C50700F984A2 /* CNLoginRequestTokenResponse.swift in Sources */ = {isa = PBXBuildFile; fileRef = CF522CB22AC3C50700F984A2 /* CNLoginRequestTokenResponse.swift */; };
		CF53C2122ABF4FCF00E6C8A6 /* AppDelegate.swift in Sources */ = {isa = PBXBuildFile; fileRef = CF53C2112ABF4FCF00E6C8A6 /* AppDelegate.swift */; };
		CF53C2142ABF4FCF00E6C8A6 /* SceneDelegate.swift in Sources */ = {isa = PBXBuildFile; fileRef = CF53C2132ABF4FCF00E6C8A6 /* SceneDelegate.swift */; };
		CF53C21B2ABF4FD000E6C8A6 /* Assets.xcassets in Resources */ = {isa = PBXBuildFile; fileRef = CF53C21A2ABF4FD000E6C8A6 /* Assets.xcassets */; };
		CF53C21E2ABF4FD000E6C8A6 /* LaunchScreen.storyboard in Resources */ = {isa = PBXBuildFile; fileRef = CF53C21C2ABF4FD000E6C8A6 /* LaunchScreen.storyboard */; };
		CF53C22B2ABF54F300E6C8A6 /* CNOnboardingViewController.swift in Sources */ = {isa = PBXBuildFile; fileRef = CF53C22A2ABF54F300E6C8A6 /* CNOnboardingViewController.swift */; };
		CF53C22D2ABF553400E6C8A6 /* CNOnboardingViewModel.swift in Sources */ = {isa = PBXBuildFile; fileRef = CF53C22C2ABF553400E6C8A6 /* CNOnboardingViewModel.swift */; };
		CF53C22F2ABF554B00E6C8A6 /* CNOnboardingView.swift in Sources */ = {isa = PBXBuildFile; fileRef = CF53C22E2ABF554B00E6C8A6 /* CNOnboardingView.swift */; };
		CF53C2322ABF55F900E6C8A6 /* CNOnboardingViewState.swift in Sources */ = {isa = PBXBuildFile; fileRef = CF53C2312ABF55F900E6C8A6 /* CNOnboardingViewState.swift */; };
		CF61A79B2AC0A359004B1D9F /* CNLoginViewController.swift in Sources */ = {isa = PBXBuildFile; fileRef = CF61A79A2AC0A359004B1D9F /* CNLoginViewController.swift */; };
		CF61A79D2AC0A3F5004B1D9F /* CNLoginViewModel.swift in Sources */ = {isa = PBXBuildFile; fileRef = CF61A79C2AC0A3F5004B1D9F /* CNLoginViewModel.swift */; };
		CF61A79F2AC0A3FC004B1D9F /* CNLoginView.swift in Sources */ = {isa = PBXBuildFile; fileRef = CF61A79E2AC0A3FC004B1D9F /* CNLoginView.swift */; };
		CF61A7A12AC0A404004B1D9F /* CNLoginViewState.swift in Sources */ = {isa = PBXBuildFile; fileRef = CF61A7A02AC0A404004B1D9F /* CNLoginViewState.swift */; };
		CF61A7A42AC0A868004B1D9F /* CNLoginHeaderSectionView.swift in Sources */ = {isa = PBXBuildFile; fileRef = CF61A7A32AC0A868004B1D9F /* CNLoginHeaderSectionView.swift */; };
		CF61A7A82AC0A8D4004B1D9F /* CNTextField.swift in Sources */ = {isa = PBXBuildFile; fileRef = CF61A7A72AC0A8D4004B1D9F /* CNTextField.swift */; };
		CF61A7AA2AC0C31E004B1D9F /* CNLoginFooterSectionView.swift in Sources */ = {isa = PBXBuildFile; fileRef = CF61A7A92AC0C31E004B1D9F /* CNLoginFooterSectionView.swift */; };
		CF8537CD2ACBAEC2007E42E5 /* CNLoginValidateTokenPayload.swift in Sources */ = {isa = PBXBuildFile; fileRef = CF8537CC2ACBAEC2007E42E5 /* CNLoginValidateTokenPayload.swift */; };
		CF8537CF2ACBB0CD007E42E5 /* CNLoginUserCredentials.swift in Sources */ = {isa = PBXBuildFile; fileRef = CF8537CE2ACBB0CD007E42E5 /* CNLoginUserCredentials.swift */; };
		CF8537D32ACBB732007E42E5 /* CNLoginCreateSessionResponse.swift in Sources */ = {isa = PBXBuildFile; fileRef = CF8537D22ACBB732007E42E5 /* CNLoginCreateSessionResponse.swift */; };
		CF8537D52ACBB908007E42E5 /* CNLoginAccountDetailsResponse.swift in Sources */ = {isa = PBXBuildFile; fileRef = CF8537D42ACBB908007E42E5 /* CNLoginAccountDetailsResponse.swift */; };
		CFA9FEB32ABF612E0032555C /* CNOnboardingBackgroundSectionView.swift in Sources */ = {isa = PBXBuildFile; fileRef = CFA9FEB22ABF612E0032555C /* CNOnboardingBackgroundSectionView.swift */; };
		CFA9FEB62ABF642B0032555C /* UIImageExtensions.swift in Sources */ = {isa = PBXBuildFile; fileRef = CFA9FEB52ABF642B0032555C /* UIImageExtensions.swift */; };
		CFA9FEB82ABF67680032555C /* UIColorExtensions.swift in Sources */ = {isa = PBXBuildFile; fileRef = CFA9FEB72ABF67680032555C /* UIColorExtensions.swift */; };
		CFA9FEBA2ABF6A510032555C /* UIViewExtensions.swift in Sources */ = {isa = PBXBuildFile; fileRef = CFA9FEB92ABF6A510032555C /* UIViewExtensions.swift */; };
		CFA9FEBC2ABF781C0032555C /* CNOnboardingBodySectionView.swift in Sources */ = {isa = PBXBuildFile; fileRef = CFA9FEBB2ABF781C0032555C /* CNOnboardingBodySectionView.swift */; };
		CFA9FEBE2ABF7D190032555C /* UIStackViewExtensions.swift in Sources */ = {isa = PBXBuildFile; fileRef = CFA9FEBD2ABF7D190032555C /* UIStackViewExtensions.swift */; };
		CFA9FEC12ABFB6F60032555C /* CNButton.swift in Sources */ = {isa = PBXBuildFile; fileRef = CFA9FEC02ABFB6F60032555C /* CNButton.swift */; };
		CFA9FEC32ABFBA170032555C /* CNOnboardingFooterSectionView.swift in Sources */ = {isa = PBXBuildFile; fileRef = CFA9FEC22ABFBA170032555C /* CNOnboardingFooterSectionView.swift */; };
		CFA9FEC62ABFC2510032555C /* CNFlowController.swift in Sources */ = {isa = PBXBuildFile; fileRef = CFA9FEC52ABFC2510032555C /* CNFlowController.swift */; };
		CFA9FEC82ABFC3070032555C /* CNFactory.swift in Sources */ = {isa = PBXBuildFile; fileRef = CFA9FEC72ABFC3070032555C /* CNFactory.swift */; };
		CFA9FECB2ABFC4A60032555C /* CNFlowController+Onboarding.swift in Sources */ = {isa = PBXBuildFile; fileRef = CFA9FECA2ABFC4A60032555C /* CNFlowController+Onboarding.swift */; };
		CFC7288B2ACE4F6B00DAF2B2 /* button_loading.json in Resources */ = {isa = PBXBuildFile; fileRef = CFC7288A2ACE4F6B00DAF2B2 /* button_loading.json */; };
/* End PBXBuildFile section */

/* Begin PBXFileReference section */
		1A5DF45C673D05867534DCAA /* Pods-iCine.debug.xcconfig */ = {isa = PBXFileReference; includeInIndex = 1; lastKnownFileType = text.xcconfig; name = "Pods-iCine.debug.xcconfig"; path = "Target Support Files/Pods-iCine/Pods-iCine.debug.xcconfig"; sourceTree = "<group>"; };
		43F4C753AB79AA6E622D0ADB /* Pods_iCine.framework */ = {isa = PBXFileReference; explicitFileType = wrapper.framework; includeInIndex = 0; path = Pods_iCine.framework; sourceTree = BUILT_PRODUCTS_DIR; };
		9AD8E4C772CAA4B8EF6EADC1 /* Pods-iCine.release.xcconfig */ = {isa = PBXFileReference; includeInIndex = 1; lastKnownFileType = text.xcconfig; name = "Pods-iCine.release.xcconfig"; path = "Target Support Files/Pods-iCine/Pods-iCine.release.xcconfig"; sourceTree = "<group>"; };
		CF4874FC2AD22A5F0056EE78 /* BottomSheetViewController.swift */ = {isa = PBXFileReference; lastKnownFileType = sourcecode.swift; path = BottomSheetViewController.swift; sourceTree = "<group>"; };
		CF4874FE2AD22A760056EE78 /* PresentedSheetViewController.swift */ = {isa = PBXFileReference; lastKnownFileType = sourcecode.swift; path = PresentedSheetViewController.swift; sourceTree = "<group>"; };
		CF4875002AD23CFB0056EE78 /* UIViewControllerExtensions.swift */ = {isa = PBXFileReference; lastKnownFileType = sourcecode.swift; path = UIViewControllerExtensions.swift; sourceTree = "<group>"; };
		CF4875022AD23F7E0056EE78 /* CNLoginRequestErrorView.swift */ = {isa = PBXFileReference; lastKnownFileType = sourcecode.swift; path = CNLoginRequestErrorView.swift; sourceTree = "<group>"; };
		CF522C9D2AC3AE8E00F984A2 /* DynamicKeyboardHeightViewController.swift */ = {isa = PBXFileReference; lastKnownFileType = sourcecode.swift; path = DynamicKeyboardHeightViewController.swift; sourceTree = "<group>"; };
		CF522CA22AC3C29E00F984A2 /* CNNetworkController.swift */ = {isa = PBXFileReference; lastKnownFileType = sourcecode.swift; path = CNNetworkController.swift; sourceTree = "<group>"; };
		CF522CA42AC3C2D600F984A2 /* CNNetworkControllerProtocol.swift */ = {isa = PBXFileReference; lastKnownFileType = sourcecode.swift; path = CNNetworkControllerProtocol.swift; sourceTree = "<group>"; };
		CF522CA62AC3C33300F984A2 /* CNNetworkRequestProtocol.swift */ = {isa = PBXFileReference; lastKnownFileType = sourcecode.swift; path = CNNetworkRequestProtocol.swift; sourceTree = "<group>"; };
		CF522CA82AC3C3AC00F984A2 /* DataExtensions.swift */ = {isa = PBXFileReference; lastKnownFileType = sourcecode.swift; path = DataExtensions.swift; sourceTree = "<group>"; };
		CF522CAA2AC3C3D700F984A2 /* EncodableExtensions.swift */ = {isa = PBXFileReference; lastKnownFileType = sourcecode.swift; path = EncodableExtensions.swift; sourceTree = "<group>"; };
		CF522CAE2AC3C42600F984A2 /* CNLoginRequest.swift */ = {isa = PBXFileReference; lastKnownFileType = sourcecode.swift; path = CNLoginRequest.swift; sourceTree = "<group>"; };
		CF522CB22AC3C50700F984A2 /* CNLoginRequestTokenResponse.swift */ = {isa = PBXFileReference; lastKnownFileType = sourcecode.swift; path = CNLoginRequestTokenResponse.swift; sourceTree = "<group>"; };
		CF53C20E2ABF4FCF00E6C8A6 /* iCine.app */ = {isa = PBXFileReference; explicitFileType = wrapper.application; includeInIndex = 0; path = iCine.app; sourceTree = BUILT_PRODUCTS_DIR; };
		CF53C2112ABF4FCF00E6C8A6 /* AppDelegate.swift */ = {isa = PBXFileReference; lastKnownFileType = sourcecode.swift; path = AppDelegate.swift; sourceTree = "<group>"; };
		CF53C2132ABF4FCF00E6C8A6 /* SceneDelegate.swift */ = {isa = PBXFileReference; lastKnownFileType = sourcecode.swift; path = SceneDelegate.swift; sourceTree = "<group>"; };
		CF53C21A2ABF4FD000E6C8A6 /* Assets.xcassets */ = {isa = PBXFileReference; lastKnownFileType = folder.assetcatalog; path = Assets.xcassets; sourceTree = "<group>"; };
		CF53C21D2ABF4FD000E6C8A6 /* Base */ = {isa = PBXFileReference; lastKnownFileType = file.storyboard; name = Base; path = Base.lproj/LaunchScreen.storyboard; sourceTree = "<group>"; };
		CF53C21F2ABF4FD000E6C8A6 /* Info.plist */ = {isa = PBXFileReference; lastKnownFileType = text.plist.xml; path = Info.plist; sourceTree = "<group>"; };
		CF53C22A2ABF54F300E6C8A6 /* CNOnboardingViewController.swift */ = {isa = PBXFileReference; lastKnownFileType = sourcecode.swift; path = CNOnboardingViewController.swift; sourceTree = "<group>"; };
		CF53C22C2ABF553400E6C8A6 /* CNOnboardingViewModel.swift */ = {isa = PBXFileReference; lastKnownFileType = sourcecode.swift; path = CNOnboardingViewModel.swift; sourceTree = "<group>"; };
		CF53C22E2ABF554B00E6C8A6 /* CNOnboardingView.swift */ = {isa = PBXFileReference; lastKnownFileType = sourcecode.swift; path = CNOnboardingView.swift; sourceTree = "<group>"; };
		CF53C2312ABF55F900E6C8A6 /* CNOnboardingViewState.swift */ = {isa = PBXFileReference; lastKnownFileType = sourcecode.swift; path = CNOnboardingViewState.swift; sourceTree = "<group>"; };
		CF61A79A2AC0A359004B1D9F /* CNLoginViewController.swift */ = {isa = PBXFileReference; lastKnownFileType = sourcecode.swift; path = CNLoginViewController.swift; sourceTree = "<group>"; };
		CF61A79C2AC0A3F5004B1D9F /* CNLoginViewModel.swift */ = {isa = PBXFileReference; lastKnownFileType = sourcecode.swift; path = CNLoginViewModel.swift; sourceTree = "<group>"; };
		CF61A79E2AC0A3FC004B1D9F /* CNLoginView.swift */ = {isa = PBXFileReference; lastKnownFileType = sourcecode.swift; path = CNLoginView.swift; sourceTree = "<group>"; };
		CF61A7A02AC0A404004B1D9F /* CNLoginViewState.swift */ = {isa = PBXFileReference; lastKnownFileType = sourcecode.swift; path = CNLoginViewState.swift; sourceTree = "<group>"; };
		CF61A7A32AC0A868004B1D9F /* CNLoginHeaderSectionView.swift */ = {isa = PBXFileReference; lastKnownFileType = sourcecode.swift; path = CNLoginHeaderSectionView.swift; sourceTree = "<group>"; };
		CF61A7A72AC0A8D4004B1D9F /* CNTextField.swift */ = {isa = PBXFileReference; lastKnownFileType = sourcecode.swift; path = CNTextField.swift; sourceTree = "<group>"; };
		CF61A7A92AC0C31E004B1D9F /* CNLoginFooterSectionView.swift */ = {isa = PBXFileReference; lastKnownFileType = sourcecode.swift; path = CNLoginFooterSectionView.swift; sourceTree = "<group>"; };
		CF8537CC2ACBAEC2007E42E5 /* CNLoginValidateTokenPayload.swift */ = {isa = PBXFileReference; lastKnownFileType = sourcecode.swift; path = CNLoginValidateTokenPayload.swift; sourceTree = "<group>"; };
		CF8537CE2ACBB0CD007E42E5 /* CNLoginUserCredentials.swift */ = {isa = PBXFileReference; lastKnownFileType = sourcecode.swift; path = CNLoginUserCredentials.swift; sourceTree = "<group>"; };
		CF8537D22ACBB732007E42E5 /* CNLoginCreateSessionResponse.swift */ = {isa = PBXFileReference; lastKnownFileType = sourcecode.swift; path = CNLoginCreateSessionResponse.swift; sourceTree = "<group>"; };
		CF8537D42ACBB908007E42E5 /* CNLoginAccountDetailsResponse.swift */ = {isa = PBXFileReference; lastKnownFileType = sourcecode.swift; path = CNLoginAccountDetailsResponse.swift; sourceTree = "<group>"; };
		CFA9FEB22ABF612E0032555C /* CNOnboardingBackgroundSectionView.swift */ = {isa = PBXFileReference; lastKnownFileType = sourcecode.swift; path = CNOnboardingBackgroundSectionView.swift; sourceTree = "<group>"; };
		CFA9FEB52ABF642B0032555C /* UIImageExtensions.swift */ = {isa = PBXFileReference; lastKnownFileType = sourcecode.swift; path = UIImageExtensions.swift; sourceTree = "<group>"; };
		CFA9FEB72ABF67680032555C /* UIColorExtensions.swift */ = {isa = PBXFileReference; lastKnownFileType = sourcecode.swift; path = UIColorExtensions.swift; sourceTree = "<group>"; };
		CFA9FEB92ABF6A510032555C /* UIViewExtensions.swift */ = {isa = PBXFileReference; lastKnownFileType = sourcecode.swift; path = UIViewExtensions.swift; sourceTree = "<group>"; };
		CFA9FEBB2ABF781C0032555C /* CNOnboardingBodySectionView.swift */ = {isa = PBXFileReference; lastKnownFileType = sourcecode.swift; path = CNOnboardingBodySectionView.swift; sourceTree = "<group>"; };
		CFA9FEBD2ABF7D190032555C /* UIStackViewExtensions.swift */ = {isa = PBXFileReference; lastKnownFileType = sourcecode.swift; path = UIStackViewExtensions.swift; sourceTree = "<group>"; };
		CFA9FEC02ABFB6F60032555C /* CNButton.swift */ = {isa = PBXFileReference; lastKnownFileType = sourcecode.swift; path = CNButton.swift; sourceTree = "<group>"; };
		CFA9FEC22ABFBA170032555C /* CNOnboardingFooterSectionView.swift */ = {isa = PBXFileReference; lastKnownFileType = sourcecode.swift; path = CNOnboardingFooterSectionView.swift; sourceTree = "<group>"; };
		CFA9FEC52ABFC2510032555C /* CNFlowController.swift */ = {isa = PBXFileReference; lastKnownFileType = sourcecode.swift; path = CNFlowController.swift; sourceTree = "<group>"; };
		CFA9FEC72ABFC3070032555C /* CNFactory.swift */ = {isa = PBXFileReference; lastKnownFileType = sourcecode.swift; path = CNFactory.swift; sourceTree = "<group>"; };
		CFA9FECA2ABFC4A60032555C /* CNFlowController+Onboarding.swift */ = {isa = PBXFileReference; lastKnownFileType = sourcecode.swift; path = "CNFlowController+Onboarding.swift"; sourceTree = "<group>"; };
		CFC7288A2ACE4F6B00DAF2B2 /* button_loading.json */ = {isa = PBXFileReference; fileEncoding = 4; lastKnownFileType = text.json; path = button_loading.json; sourceTree = "<group>"; };
/* End PBXFileReference section */

/* Begin PBXFrameworksBuildPhase section */
		CF53C20B2ABF4FCF00E6C8A6 /* Frameworks */ = {
			isa = PBXFrameworksBuildPhase;
			buildActionMask = 2147483647;
			files = (
				9F646EC2DE66DD8A424B07F8 /* Pods_iCine.framework in Frameworks */,
			);
			runOnlyForDeploymentPostprocessing = 0;
		};
/* End PBXFrameworksBuildPhase section */

/* Begin PBXGroup section */
		7A76414C0EA7BE3415907679 /* Pods */ = {
			isa = PBXGroup;
			children = (
				1A5DF45C673D05867534DCAA /* Pods-iCine.debug.xcconfig */,
				9AD8E4C772CAA4B8EF6EADC1 /* Pods-iCine.release.xcconfig */,
			);
			path = Pods;
			sourceTree = "<group>";
		};
		9D48E4C9CBA60E81C0E34D9A /* Frameworks */ = {
			isa = PBXGroup;
			children = (
				43F4C753AB79AA6E622D0ADB /* Pods_iCine.framework */,
			);
			name = Frameworks;
			sourceTree = "<group>";
		};
		CF4874F42AD226C20056EE78 /* BottomSheet */ = {
			isa = PBXGroup;
			children = (
				CF4874FC2AD22A5F0056EE78 /* BottomSheetViewController.swift */,
				CF4874FE2AD22A760056EE78 /* PresentedSheetViewController.swift */,
			);
			path = BottomSheet;
			sourceTree = "<group>";
		};
		CF522C9F2AC3B32600F984A2 /* DynamicKeyboardHeight */ = {
			isa = PBXGroup;
			children = (
				CF522C9D2AC3AE8E00F984A2 /* DynamicKeyboardHeightViewController.swift */,
			);
			path = DynamicKeyboardHeight;
			sourceTree = "<group>";
		};
		CF522CA02AC3BC1000F984A2 /* Services */ = {
			isa = PBXGroup;
			children = (
				CF522CA12AC3BC2800F984A2 /* Network */,
			);
			path = Services;
			sourceTree = "<group>";
		};
		CF522CA12AC3BC2800F984A2 /* Network */ = {
			isa = PBXGroup;
			children = (
				CF522CA22AC3C29E00F984A2 /* CNNetworkController.swift */,
				CF522CA42AC3C2D600F984A2 /* CNNetworkControllerProtocol.swift */,
				CF522CA62AC3C33300F984A2 /* CNNetworkRequestProtocol.swift */,
			);
			path = Network;
			sourceTree = "<group>";
		};
		CF522CAC2AC3C3FE00F984A2 /* Requests */ = {
			isa = PBXGroup;
			children = (
				CF522CAD2AC3C41000F984A2 /* Login */,
			);
			path = Requests;
			sourceTree = "<group>";
		};
		CF522CAD2AC3C41000F984A2 /* Login */ = {
			isa = PBXGroup;
			children = (
				CF522CAE2AC3C42600F984A2 /* CNLoginRequest.swift */,
			);
			path = Login;
			sourceTree = "<group>";
		};
		CF522CB02AC3C49900F984A2 /* Responses */ = {
			isa = PBXGroup;
			children = (
				CF522CB12AC3C4E500F984A2 /* Login */,
			);
			path = Responses;
			sourceTree = "<group>";
		};
		CF522CB12AC3C4E500F984A2 /* Login */ = {
			isa = PBXGroup;
			children = (
				CF522CB22AC3C50700F984A2 /* CNLoginRequestTokenResponse.swift */,
				CF8537D22ACBB732007E42E5 /* CNLoginCreateSessionResponse.swift */,
				CF8537D42ACBB908007E42E5 /* CNLoginAccountDetailsResponse.swift */,
				CF8537CE2ACBB0CD007E42E5 /* CNLoginUserCredentials.swift */,
			);
			path = Login;
			sourceTree = "<group>";
		};
		CF53C2052ABF4FCF00E6C8A6 = {
			isa = PBXGroup;
			children = (
				CF53C2102ABF4FCF00E6C8A6 /* iCine */,
				CF53C20F2ABF4FCF00E6C8A6 /* Products */,
				7A76414C0EA7BE3415907679 /* Pods */,
				9D48E4C9CBA60E81C0E34D9A /* Frameworks */,
			);
			sourceTree = "<group>";
		};
		CF53C20F2ABF4FCF00E6C8A6 /* Products */ = {
			isa = PBXGroup;
			children = (
				CF53C20E2ABF4FCF00E6C8A6 /* iCine.app */,
			);
			name = Products;
			sourceTree = "<group>";
		};
		CF53C2102ABF4FCF00E6C8A6 /* iCine */ = {
			isa = PBXGroup;
			children = (
				CF522CA02AC3BC1000F984A2 /* Services */,
				CFA9FEC42ABFC2310032555C /* Flow */,
				CF53C2252ABF540200E6C8A6 /* Features */,
				CFA9FEB42ABF63D00032555C /* Extensions */,
				CFA9FEBF2ABFB68D0032555C /* Components */,
				CFA9FECC2ABFC6E00032555C /* Resources */,
				CF53C2112ABF4FCF00E6C8A6 /* AppDelegate.swift */,
				CF53C2132ABF4FCF00E6C8A6 /* SceneDelegate.swift */,
				CF53C21F2ABF4FD000E6C8A6 /* Info.plist */,
			);
			path = iCine;
			sourceTree = "<group>";
		};
		CF53C2252ABF540200E6C8A6 /* Features */ = {
			isa = PBXGroup;
			children = (
				CF53C2262ABF540900E6C8A6 /* Onboarding */,
			);
			path = Features;
			sourceTree = "<group>";
		};
		CF53C2262ABF540900E6C8A6 /* Onboarding */ = {
			isa = PBXGroup;
			children = (
				CF8537CA2ACBAE9B007E42E5 /* Payloads */,
				CFA9FEC92ABFC4950032555C /* Flow */,
				CF522CAC2AC3C3FE00F984A2 /* Requests */,
				CF522CB02AC3C49900F984A2 /* Responses */,
				CF53C2292ABF546A00E6C8A6 /* Scenes */,
			);
			path = Onboarding;
			sourceTree = "<group>";
		};
		CF53C2272ABF544800E6C8A6 /* Onboarding */ = {
			isa = PBXGroup;
			children = (
				CF53C22A2ABF54F300E6C8A6 /* CNOnboardingViewController.swift */,
				CF53C22C2ABF553400E6C8A6 /* CNOnboardingViewModel.swift */,
				CF53C2312ABF55F900E6C8A6 /* CNOnboardingViewState.swift */,
				CF53C22E2ABF554B00E6C8A6 /* CNOnboardingView.swift */,
				CF53C2302ABF558400E6C8A6 /* ViewSections */,
			);
			path = Onboarding;
			sourceTree = "<group>";
		};
		CF53C2292ABF546A00E6C8A6 /* Scenes */ = {
			isa = PBXGroup;
			children = (
				CF53C2272ABF544800E6C8A6 /* Onboarding */,
				CF61A7992AC0A315004B1D9F /* Login */,
			);
			path = Scenes;
			sourceTree = "<group>";
		};
		CF53C2302ABF558400E6C8A6 /* ViewSections */ = {
			isa = PBXGroup;
			children = (
				CFA9FEB22ABF612E0032555C /* CNOnboardingBackgroundSectionView.swift */,
				CFA9FEBB2ABF781C0032555C /* CNOnboardingBodySectionView.swift */,
				CFA9FEC22ABFBA170032555C /* CNOnboardingFooterSectionView.swift */,
			);
			path = ViewSections;
			sourceTree = "<group>";
		};
		CF61A7992AC0A315004B1D9F /* Login */ = {
			isa = PBXGroup;
			children = (
				CF61A79A2AC0A359004B1D9F /* CNLoginViewController.swift */,
				CF61A79C2AC0A3F5004B1D9F /* CNLoginViewModel.swift */,
				CF61A7A02AC0A404004B1D9F /* CNLoginViewState.swift */,
				CF61A79E2AC0A3FC004B1D9F /* CNLoginView.swift */,
				CF61A7A22AC0A408004B1D9F /* ViewSections */,
			);
			path = Login;
			sourceTree = "<group>";
		};
		CF61A7A22AC0A408004B1D9F /* ViewSections */ = {
			isa = PBXGroup;
			children = (
				CF61A7A32AC0A868004B1D9F /* CNLoginHeaderSectionView.swift */,
				CF61A7A92AC0C31E004B1D9F /* CNLoginFooterSectionView.swift */,
				CF4875022AD23F7E0056EE78 /* CNLoginRequestErrorView.swift */,
			);
			path = ViewSections;
			sourceTree = "<group>";
		};
		CF61A7A52AC0A8B6004B1D9F /* Button */ = {
			isa = PBXGroup;
			children = (
				CFA9FEC02ABFB6F60032555C /* CNButton.swift */,
			);
			path = Button;
			sourceTree = "<group>";
		};
		CF61A7A62AC0A8C5004B1D9F /* TextField */ = {
			isa = PBXGroup;
			children = (
				CF61A7A72AC0A8D4004B1D9F /* CNTextField.swift */,
			);
			path = TextField;
			sourceTree = "<group>";
		};
		CF8537CA2ACBAE9B007E42E5 /* Payloads */ = {
			isa = PBXGroup;
			children = (
				CF8537CB2ACBAEA8007E42E5 /* Login */,
			);
			path = Payloads;
			sourceTree = "<group>";
		};
		CF8537CB2ACBAEA8007E42E5 /* Login */ = {
			isa = PBXGroup;
			children = (
				CF8537CC2ACBAEC2007E42E5 /* CNLoginValidateTokenPayload.swift */,
			);
			path = Login;
			sourceTree = "<group>";
		};
		CFA9FEB42ABF63D00032555C /* Extensions */ = {
			isa = PBXGroup;
			children = (
				CFA9FEB92ABF6A510032555C /* UIViewExtensions.swift */,
				CFA9FEB52ABF642B0032555C /* UIImageExtensions.swift */,
				CFA9FEB72ABF67680032555C /* UIColorExtensions.swift */,
				CFA9FEBD2ABF7D190032555C /* UIStackViewExtensions.swift */,
				CF522CA82AC3C3AC00F984A2 /* DataExtensions.swift */,
				CF522CAA2AC3C3D700F984A2 /* EncodableExtensions.swift */,
				CF4875002AD23CFB0056EE78 /* UIViewControllerExtensions.swift */,
			);
			path = Extensions;
			sourceTree = "<group>";
		};
		CFA9FEBF2ABFB68D0032555C /* Components */ = {
			isa = PBXGroup;
			children = (
				CF4874F42AD226C20056EE78 /* BottomSheet */,
				CF522C9F2AC3B32600F984A2 /* DynamicKeyboardHeight */,
				CF61A7A52AC0A8B6004B1D9F /* Button */,
				CF61A7A62AC0A8C5004B1D9F /* TextField */,
			);
			path = Components;
			sourceTree = "<group>";
		};
		CFA9FEC42ABFC2310032555C /* Flow */ = {
			isa = PBXGroup;
			children = (
				CFA9FEC52ABFC2510032555C /* CNFlowController.swift */,
				CFA9FEC72ABFC3070032555C /* CNFactory.swift */,
			);
			path = Flow;
			sourceTree = "<group>";
		};
		CFA9FEC92ABFC4950032555C /* Flow */ = {
			isa = PBXGroup;
			children = (
				CFA9FECA2ABFC4A60032555C /* CNFlowController+Onboarding.swift */,
			);
			path = Flow;
			sourceTree = "<group>";
		};
		CFA9FECC2ABFC6E00032555C /* Resources */ = {
			isa = PBXGroup;
			children = (
				CFC728872ACE4B1900DAF2B2 /* Animations */,
				CF53C21A2ABF4FD000E6C8A6 /* Assets.xcassets */,
				CF53C21C2ABF4FD000E6C8A6 /* LaunchScreen.storyboard */,
			);
			path = Resources;
			sourceTree = "<group>";
		};
		CFC728872ACE4B1900DAF2B2 /* Animations */ = {
			isa = PBXGroup;
			children = (
				CFC7288A2ACE4F6B00DAF2B2 /* button_loading.json */,
			);
			path = Animations;
			sourceTree = "<group>";
		};
/* End PBXGroup section */

/* Begin PBXNativeTarget section */
		CF53C20D2ABF4FCF00E6C8A6 /* iCine */ = {
			isa = PBXNativeTarget;
			buildConfigurationList = CF53C2222ABF4FD000E6C8A6 /* Build configuration list for PBXNativeTarget "iCine" */;
			buildPhases = (
				F24B1F1E9AA568805D66EA66 /* [CP] Check Pods Manifest.lock */,
				CF53C20A2ABF4FCF00E6C8A6 /* Sources */,
				CF53C20B2ABF4FCF00E6C8A6 /* Frameworks */,
				CF53C20C2ABF4FCF00E6C8A6 /* Resources */,
				7EF667360673BFCE2930CD42 /* [CP] Embed Pods Frameworks */,
			);
			buildRules = (
			);
			dependencies = (
			);
			name = iCine;
			productName = iCine;
			productReference = CF53C20E2ABF4FCF00E6C8A6 /* iCine.app */;
			productType = "com.apple.product-type.application";
		};
/* End PBXNativeTarget section */

/* Begin PBXProject section */
		CF53C2062ABF4FCF00E6C8A6 /* Project object */ = {
			isa = PBXProject;
			attributes = {
				BuildIndependentTargetsInParallel = 1;
				LastSwiftUpdateCheck = 1430;
				LastUpgradeCheck = 1430;
				TargetAttributes = {
					CF53C20D2ABF4FCF00E6C8A6 = {
						CreatedOnToolsVersion = 14.3;
					};
				};
			};
			buildConfigurationList = CF53C2092ABF4FCF00E6C8A6 /* Build configuration list for PBXProject "iCine" */;
			compatibilityVersion = "Xcode 14.0";
			developmentRegion = en;
			hasScannedForEncodings = 0;
			knownRegions = (
				en,
				Base,
			);
			mainGroup = CF53C2052ABF4FCF00E6C8A6;
			productRefGroup = CF53C20F2ABF4FCF00E6C8A6 /* Products */;
			projectDirPath = "";
			projectRoot = "";
			targets = (
				CF53C20D2ABF4FCF00E6C8A6 /* iCine */,
			);
		};
/* End PBXProject section */

/* Begin PBXResourcesBuildPhase section */
		CF53C20C2ABF4FCF00E6C8A6 /* Resources */ = {
			isa = PBXResourcesBuildPhase;
			buildActionMask = 2147483647;
			files = (
				CF53C21E2ABF4FD000E6C8A6 /* LaunchScreen.storyboard in Resources */,
				CF53C21B2ABF4FD000E6C8A6 /* Assets.xcassets in Resources */,
				CFC7288B2ACE4F6B00DAF2B2 /* button_loading.json in Resources */,
			);
			runOnlyForDeploymentPostprocessing = 0;
		};
/* End PBXResourcesBuildPhase section */

/* Begin PBXShellScriptBuildPhase section */
		7EF667360673BFCE2930CD42 /* [CP] Embed Pods Frameworks */ = {
			isa = PBXShellScriptBuildPhase;
			buildActionMask = 2147483647;
			files = (
			);
			inputFileListPaths = (
				"${PODS_ROOT}/Target Support Files/Pods-iCine/Pods-iCine-frameworks-${CONFIGURATION}-input-files.xcfilelist",
			);
			name = "[CP] Embed Pods Frameworks";
			outputFileListPaths = (
				"${PODS_ROOT}/Target Support Files/Pods-iCine/Pods-iCine-frameworks-${CONFIGURATION}-output-files.xcfilelist",
			);
			runOnlyForDeploymentPostprocessing = 0;
			shellPath = /bin/sh;
			shellScript = "\"${PODS_ROOT}/Target Support Files/Pods-iCine/Pods-iCine-frameworks.sh\"\n";
			showEnvVarsInLog = 0;
		};
		F24B1F1E9AA568805D66EA66 /* [CP] Check Pods Manifest.lock */ = {
			isa = PBXShellScriptBuildPhase;
			buildActionMask = 2147483647;
			files = (
			);
			inputFileListPaths = (
			);
			inputPaths = (
				"${PODS_PODFILE_DIR_PATH}/Podfile.lock",
				"${PODS_ROOT}/Manifest.lock",
			);
			name = "[CP] Check Pods Manifest.lock";
			outputFileListPaths = (
			);
			outputPaths = (
				"$(DERIVED_FILE_DIR)/Pods-iCine-checkManifestLockResult.txt",
			);
			runOnlyForDeploymentPostprocessing = 0;
			shellPath = /bin/sh;
			shellScript = "diff \"${PODS_PODFILE_DIR_PATH}/Podfile.lock\" \"${PODS_ROOT}/Manifest.lock\" > /dev/null\nif [ $? != 0 ] ; then\n    # print error to STDERR\n    echo \"error: The sandbox is not in sync with the Podfile.lock. Run 'pod install' or update your CocoaPods installation.\" >&2\n    exit 1\nfi\n# This output is used by Xcode 'outputs' to avoid re-running this script phase.\necho \"SUCCESS\" > \"${SCRIPT_OUTPUT_FILE_0}\"\n";
			showEnvVarsInLog = 0;
		};
/* End PBXShellScriptBuildPhase section */

/* Begin PBXSourcesBuildPhase section */
		CF53C20A2ABF4FCF00E6C8A6 /* Sources */ = {
			isa = PBXSourcesBuildPhase;
			buildActionMask = 2147483647;
			files = (
				CFA9FEB82ABF67680032555C /* UIColorExtensions.swift in Sources */,
				CF61A79F2AC0A3FC004B1D9F /* CNLoginView.swift in Sources */,
				CF61A7A82AC0A8D4004B1D9F /* CNTextField.swift in Sources */,
				CF522CA32AC3C29E00F984A2 /* CNNetworkController.swift in Sources */,
				CF8537CF2ACBB0CD007E42E5 /* CNLoginUserCredentials.swift in Sources */,
				CF61A79B2AC0A359004B1D9F /* CNLoginViewController.swift in Sources */,
				CFA9FEC62ABFC2510032555C /* CNFlowController.swift in Sources */,
				CF53C22F2ABF554B00E6C8A6 /* CNOnboardingView.swift in Sources */,
				CFA9FEC82ABFC3070032555C /* CNFactory.swift in Sources */,
				CFA9FEC12ABFB6F60032555C /* CNButton.swift in Sources */,
				CFA9FEBC2ABF781C0032555C /* CNOnboardingBodySectionView.swift in Sources */,
				CF53C22D2ABF553400E6C8A6 /* CNOnboardingViewModel.swift in Sources */,
				CFA9FECB2ABFC4A60032555C /* CNFlowController+Onboarding.swift in Sources */,
				CF61A7A12AC0A404004B1D9F /* CNLoginViewState.swift in Sources */,
				CF522CA92AC3C3AC00F984A2 /* DataExtensions.swift in Sources */,
				CFA9FEB32ABF612E0032555C /* CNOnboardingBackgroundSectionView.swift in Sources */,
				CF8537CD2ACBAEC2007E42E5 /* CNLoginValidateTokenPayload.swift in Sources */,
				CF4875032AD23F7E0056EE78 /* CNLoginRequestErrorView.swift in Sources */,
				CF61A7A42AC0A868004B1D9F /* CNLoginHeaderSectionView.swift in Sources */,
				CFA9FEBE2ABF7D190032555C /* UIStackViewExtensions.swift in Sources */,
				CFA9FEB62ABF642B0032555C /* UIImageExtensions.swift in Sources */,
				CF53C22B2ABF54F300E6C8A6 /* CNOnboardingViewController.swift in Sources */,
				CF522CAB2AC3C3D700F984A2 /* EncodableExtensions.swift in Sources */,
				CF4874FD2AD22A5F0056EE78 /* BottomSheetViewController.swift in Sources */,
				CFA9FEBA2ABF6A510032555C /* UIViewExtensions.swift in Sources */,
				CF61A7AA2AC0C31E004B1D9F /* CNLoginFooterSectionView.swift in Sources */,
				CF522C9E2AC3AE8E00F984A2 /* DynamicKeyboardHeightViewController.swift in Sources */,
				CF53C2322ABF55F900E6C8A6 /* CNOnboardingViewState.swift in Sources */,
				CF8537D52ACBB908007E42E5 /* CNLoginAccountDetailsResponse.swift in Sources */,
				CFA9FEC32ABFBA170032555C /* CNOnboardingFooterSectionView.swift in Sources */,
				CF8537D32ACBB732007E42E5 /* CNLoginCreateSessionResponse.swift in Sources */,
				CF522CA72AC3C33300F984A2 /* CNNetworkRequestProtocol.swift in Sources */,
				CF522CAF2AC3C42600F984A2 /* CNLoginRequest.swift in Sources */,
				CF4875012AD23CFB0056EE78 /* UIViewControllerExtensions.swift in Sources */,
				CF4874FF2AD22A760056EE78 /* PresentedSheetViewController.swift in Sources */,
				CF61A79D2AC0A3F5004B1D9F /* CNLoginViewModel.swift in Sources */,
				CF53C2122ABF4FCF00E6C8A6 /* AppDelegate.swift in Sources */,
				CF522CB32AC3C50700F984A2 /* CNLoginRequestTokenResponse.swift in Sources */,
				CF522CA52AC3C2D600F984A2 /* CNNetworkControllerProtocol.swift in Sources */,
				CF53C2142ABF4FCF00E6C8A6 /* SceneDelegate.swift in Sources */,
			);
			runOnlyForDeploymentPostprocessing = 0;
		};
/* End PBXSourcesBuildPhase section */

/* Begin PBXVariantGroup section */
		CF53C21C2ABF4FD000E6C8A6 /* LaunchScreen.storyboard */ = {
			isa = PBXVariantGroup;
			children = (
				CF53C21D2ABF4FD000E6C8A6 /* Base */,
			);
			name = LaunchScreen.storyboard;
			sourceTree = "<group>";
		};
/* End PBXVariantGroup section */

/* Begin XCBuildConfiguration section */
		CF53C2202ABF4FD000E6C8A6 /* Debug */ = {
			isa = XCBuildConfiguration;
			buildSettings = {
				ALWAYS_SEARCH_USER_PATHS = NO;
				CLANG_ANALYZER_NONNULL = YES;
				CLANG_ANALYZER_NUMBER_OBJECT_CONVERSION = YES_AGGRESSIVE;
				CLANG_CXX_LANGUAGE_STANDARD = "gnu++20";
				CLANG_ENABLE_MODULES = YES;
				CLANG_ENABLE_OBJC_ARC = YES;
				CLANG_ENABLE_OBJC_WEAK = YES;
				CLANG_WARN_BLOCK_CAPTURE_AUTORELEASING = YES;
				CLANG_WARN_BOOL_CONVERSION = YES;
				CLANG_WARN_COMMA = YES;
				CLANG_WARN_CONSTANT_CONVERSION = YES;
				CLANG_WARN_DEPRECATED_OBJC_IMPLEMENTATIONS = YES;
				CLANG_WARN_DIRECT_OBJC_ISA_USAGE = YES_ERROR;
				CLANG_WARN_DOCUMENTATION_COMMENTS = YES;
				CLANG_WARN_EMPTY_BODY = YES;
				CLANG_WARN_ENUM_CONVERSION = YES;
				CLANG_WARN_INFINITE_RECURSION = YES;
				CLANG_WARN_INT_CONVERSION = YES;
				CLANG_WARN_NON_LITERAL_NULL_CONVERSION = YES;
				CLANG_WARN_OBJC_IMPLICIT_RETAIN_SELF = YES;
				CLANG_WARN_OBJC_LITERAL_CONVERSION = YES;
				CLANG_WARN_OBJC_ROOT_CLASS = YES_ERROR;
				CLANG_WARN_QUOTED_INCLUDE_IN_FRAMEWORK_HEADER = YES;
				CLANG_WARN_RANGE_LOOP_ANALYSIS = YES;
				CLANG_WARN_STRICT_PROTOTYPES = YES;
				CLANG_WARN_SUSPICIOUS_MOVE = YES;
				CLANG_WARN_UNGUARDED_AVAILABILITY = YES_AGGRESSIVE;
				CLANG_WARN_UNREACHABLE_CODE = YES;
				CLANG_WARN__DUPLICATE_METHOD_MATCH = YES;
				COPY_PHASE_STRIP = NO;
				DEBUG_INFORMATION_FORMAT = dwarf;
				ENABLE_STRICT_OBJC_MSGSEND = YES;
				ENABLE_TESTABILITY = YES;
				GCC_C_LANGUAGE_STANDARD = gnu11;
				GCC_DYNAMIC_NO_PIC = NO;
				GCC_NO_COMMON_BLOCKS = YES;
				GCC_OPTIMIZATION_LEVEL = 0;
				GCC_PREPROCESSOR_DEFINITIONS = (
					"DEBUG=1",
					"$(inherited)",
				);
				GCC_WARN_64_TO_32_BIT_CONVERSION = YES;
				GCC_WARN_ABOUT_RETURN_TYPE = YES_ERROR;
				GCC_WARN_UNDECLARED_SELECTOR = YES;
				GCC_WARN_UNINITIALIZED_AUTOS = YES_AGGRESSIVE;
				GCC_WARN_UNUSED_FUNCTION = YES;
				GCC_WARN_UNUSED_VARIABLE = YES;
				IPHONEOS_DEPLOYMENT_TARGET = 16.4;
				MTL_ENABLE_DEBUG_INFO = INCLUDE_SOURCE;
				MTL_FAST_MATH = YES;
				ONLY_ACTIVE_ARCH = YES;
				SDKROOT = iphoneos;
				SWIFT_ACTIVE_COMPILATION_CONDITIONS = DEBUG;
				SWIFT_OPTIMIZATION_LEVEL = "-Onone";
			};
			name = Debug;
		};
		CF53C2212ABF4FD000E6C8A6 /* Release */ = {
			isa = XCBuildConfiguration;
			buildSettings = {
				ALWAYS_SEARCH_USER_PATHS = NO;
				CLANG_ANALYZER_NONNULL = YES;
				CLANG_ANALYZER_NUMBER_OBJECT_CONVERSION = YES_AGGRESSIVE;
				CLANG_CXX_LANGUAGE_STANDARD = "gnu++20";
				CLANG_ENABLE_MODULES = YES;
				CLANG_ENABLE_OBJC_ARC = YES;
				CLANG_ENABLE_OBJC_WEAK = YES;
				CLANG_WARN_BLOCK_CAPTURE_AUTORELEASING = YES;
				CLANG_WARN_BOOL_CONVERSION = YES;
				CLANG_WARN_COMMA = YES;
				CLANG_WARN_CONSTANT_CONVERSION = YES;
				CLANG_WARN_DEPRECATED_OBJC_IMPLEMENTATIONS = YES;
				CLANG_WARN_DIRECT_OBJC_ISA_USAGE = YES_ERROR;
				CLANG_WARN_DOCUMENTATION_COMMENTS = YES;
				CLANG_WARN_EMPTY_BODY = YES;
				CLANG_WARN_ENUM_CONVERSION = YES;
				CLANG_WARN_INFINITE_RECURSION = YES;
				CLANG_WARN_INT_CONVERSION = YES;
				CLANG_WARN_NON_LITERAL_NULL_CONVERSION = YES;
				CLANG_WARN_OBJC_IMPLICIT_RETAIN_SELF = YES;
				CLANG_WARN_OBJC_LITERAL_CONVERSION = YES;
				CLANG_WARN_OBJC_ROOT_CLASS = YES_ERROR;
				CLANG_WARN_QUOTED_INCLUDE_IN_FRAMEWORK_HEADER = YES;
				CLANG_WARN_RANGE_LOOP_ANALYSIS = YES;
				CLANG_WARN_STRICT_PROTOTYPES = YES;
				CLANG_WARN_SUSPICIOUS_MOVE = YES;
				CLANG_WARN_UNGUARDED_AVAILABILITY = YES_AGGRESSIVE;
				CLANG_WARN_UNREACHABLE_CODE = YES;
				CLANG_WARN__DUPLICATE_METHOD_MATCH = YES;
				COPY_PHASE_STRIP = NO;
				DEBUG_INFORMATION_FORMAT = "dwarf-with-dsym";
				ENABLE_NS_ASSERTIONS = NO;
				ENABLE_STRICT_OBJC_MSGSEND = YES;
				GCC_C_LANGUAGE_STANDARD = gnu11;
				GCC_NO_COMMON_BLOCKS = YES;
				GCC_WARN_64_TO_32_BIT_CONVERSION = YES;
				GCC_WARN_ABOUT_RETURN_TYPE = YES_ERROR;
				GCC_WARN_UNDECLARED_SELECTOR = YES;
				GCC_WARN_UNINITIALIZED_AUTOS = YES_AGGRESSIVE;
				GCC_WARN_UNUSED_FUNCTION = YES;
				GCC_WARN_UNUSED_VARIABLE = YES;
				IPHONEOS_DEPLOYMENT_TARGET = 16.4;
				MTL_ENABLE_DEBUG_INFO = NO;
				MTL_FAST_MATH = YES;
				SDKROOT = iphoneos;
				SWIFT_COMPILATION_MODE = wholemodule;
				SWIFT_OPTIMIZATION_LEVEL = "-O";
				VALIDATE_PRODUCT = YES;
			};
			name = Release;
		};
		CF53C2232ABF4FD000E6C8A6 /* Debug */ = {
			isa = XCBuildConfiguration;
			baseConfigurationReference = 1A5DF45C673D05867534DCAA /* Pods-iCine.debug.xcconfig */;
			buildSettings = {
				ASSETCATALOG_COMPILER_APPICON_NAME = AppIcon;
				ASSETCATALOG_COMPILER_GLOBAL_ACCENT_COLOR_NAME = AccentColor;
				CODE_SIGN_STYLE = Automatic;
				CURRENT_PROJECT_VERSION = 1;
				DEVELOPMENT_TEAM = J49GH65GF7;
				GENERATE_INFOPLIST_FILE = YES;
				INFOPLIST_FILE = iCine/Info.plist;
				INFOPLIST_KEY_UIApplicationSupportsIndirectInputEvents = YES;
				INFOPLIST_KEY_UILaunchStoryboardName = LaunchScreen;
				INFOPLIST_KEY_UIRequiresFullScreen = NO;
				INFOPLIST_KEY_UISupportedInterfaceOrientations = UIInterfaceOrientationPortrait;
				IPHONEOS_DEPLOYMENT_TARGET = 15.0;
				LD_RUNPATH_SEARCH_PATHS = (
					"$(inherited)",
					"@executable_path/Frameworks",
				);
				MARKETING_VERSION = 1.0;
				PRODUCT_BUNDLE_IDENTIFIER = johnnyLabs.iCine;
				PRODUCT_NAME = "$(TARGET_NAME)";
				SWIFT_EMIT_LOC_STRINGS = YES;
				SWIFT_VERSION = 5.0;
				TARGETED_DEVICE_FAMILY = "1,2";
			};
			name = Debug;
		};
		CF53C2242ABF4FD000E6C8A6 /* Release */ = {
			isa = XCBuildConfiguration;
			baseConfigurationReference = 9AD8E4C772CAA4B8EF6EADC1 /* Pods-iCine.release.xcconfig */;
			buildSettings = {
				ASSETCATALOG_COMPILER_APPICON_NAME = AppIcon;
				ASSETCATALOG_COMPILER_GLOBAL_ACCENT_COLOR_NAME = AccentColor;
				CODE_SIGN_STYLE = Automatic;
				CURRENT_PROJECT_VERSION = 1;
				DEVELOPMENT_TEAM = J49GH65GF7;
				GENERATE_INFOPLIST_FILE = YES;
				INFOPLIST_FILE = iCine/Info.plist;
				INFOPLIST_KEY_UIApplicationSupportsIndirectInputEvents = YES;
				INFOPLIST_KEY_UILaunchStoryboardName = LaunchScreen;
				INFOPLIST_KEY_UIRequiresFullScreen = NO;
				INFOPLIST_KEY_UISupportedInterfaceOrientations = UIInterfaceOrientationPortrait;
				IPHONEOS_DEPLOYMENT_TARGET = 15.0;
				LD_RUNPATH_SEARCH_PATHS = (
					"$(inherited)",
					"@executable_path/Frameworks",
				);
				MARKETING_VERSION = 1.0;
				PRODUCT_BUNDLE_IDENTIFIER = johnnyLabs.iCine;
				PRODUCT_NAME = "$(TARGET_NAME)";
				SWIFT_EMIT_LOC_STRINGS = YES;
				SWIFT_VERSION = 5.0;
				TARGETED_DEVICE_FAMILY = "1,2";
			};
			name = Release;
		};
/* End XCBuildConfiguration section */

/* Begin XCConfigurationList section */
		CF53C2092ABF4FCF00E6C8A6 /* Build configuration list for PBXProject "iCine" */ = {
			isa = XCConfigurationList;
			buildConfigurations = (
				CF53C2202ABF4FD000E6C8A6 /* Debug */,
				CF53C2212ABF4FD000E6C8A6 /* Release */,
			);
			defaultConfigurationIsVisible = 0;
			defaultConfigurationName = Release;
		};
		CF53C2222ABF4FD000E6C8A6 /* Build configuration list for PBXNativeTarget "iCine" */ = {
			isa = XCConfigurationList;
			buildConfigurations = (
				CF53C2232ABF4FD000E6C8A6 /* Debug */,
				CF53C2242ABF4FD000E6C8A6 /* Release */,
			);
			defaultConfigurationIsVisible = 0;
			defaultConfigurationName = Release;
		};
/* End XCConfigurationList section */
	};
	rootObject = CF53C2062ABF4FCF00E6C8A6 /* Project object */;
}
